// !$*UTF8*$!
{
	archiveVersion = 1;
	classes = {
	};
	objectVersion = 50;
	objects = {

/* Begin PBXBuildFile section */
		EF78EB1A2435DA9C00560749 /* AppDelegate.m in Sources */ = {isa = PBXBuildFile; fileRef = EF78EB192435DA9C00560749 /* AppDelegate.m */; };
		EF78EB1D2435DA9C00560749 /* SceneDelegate.m in Sources */ = {isa = PBXBuildFile; fileRef = EF78EB1C2435DA9C00560749 /* SceneDelegate.m */; };
		EF78EB202435DA9C00560749 /* ViewController.m in Sources */ = {isa = PBXBuildFile; fileRef = EF78EB1F2435DA9C00560749 /* ViewController.m */; };
		EF78EB232435DA9C00560749 /* Main.storyboard in Resources */ = {isa = PBXBuildFile; fileRef = EF78EB212435DA9C00560749 /* Main.storyboard */; };
		EF78EB252435DA9E00560749 /* Assets.xcassets in Resources */ = {isa = PBXBuildFile; fileRef = EF78EB242435DA9E00560749 /* Assets.xcassets */; };
		EF78EB282435DA9E00560749 /* LaunchScreen.storyboard in Resources */ = {isa = PBXBuildFile; fileRef = EF78EB262435DA9E00560749 /* LaunchScreen.storyboard */; };
		EF78EB2B2435DA9E00560749 /* main.m in Sources */ = {isa = PBXBuildFile; fileRef = EF78EB2A2435DA9E00560749 /* main.m */; };
/* End PBXBuildFile section */

/* Begin PBXFileReference section */
		EF78EB152435DA9C00560749 /* 23 Gestures.app */ = {isa = PBXFileReference; explicitFileType = wrapper.application; includeInIndex = 0; path = "23 Gestures.app"; sourceTree = BUILT_PRODUCTS_DIR; };
		EF78EB182435DA9C00560749 /* AppDelegate.h */ = {isa = PBXFileReference; lastKnownFileType = sourcecode.c.h; path = AppDelegate.h; sourceTree = "<group>"; };
		EF78EB192435DA9C00560749 /* AppDelegate.m */ = {isa = PBXFileReference; lastKnownFileType = sourcecode.c.objc; path = AppDelegate.m; sourceTree = "<group>"; };
		EF78EB1B2435DA9C00560749 /* SceneDelegate.h */ = {isa = PBXFileReference; lastKnownFileType = sourcecode.c.h; path = SceneDelegate.h; sourceTree = "<group>"; };
		EF78EB1C2435DA9C00560749 /* SceneDelegate.m */ = {isa = PBXFileReference; lastKnownFileType = sourcecode.c.objc; path = SceneDelegate.m; sourceTree = "<group>"; };
		EF78EB1E2435DA9C00560749 /* ViewController.h */ = {isa = PBXFileReference; lastKnownFileType = sourcecode.c.h; path = ViewController.h; sourceTree = "<group>"; };
		EF78EB1F2435DA9C00560749 /* ViewController.m */ = {isa = PBXFileReference; lastKnownFileType = sourcecode.c.objc; path = ViewController.m; sourceTree = "<group>"; };
		EF78EB222435DA9C00560749 /* Base */ = {isa = PBXFileReference; lastKnownFileType = file.storyboard; name = Base; path = Base.lproj/Main.storyboard; sourceTree = "<group>"; };
		EF78EB242435DA9E00560749 /* Assets.xcassets */ = {isa = PBXFileReference; lastKnownFileType = folder.assetcatalog; path = Assets.xcassets; sourceTree = "<group>"; };
		EF78EB272435DA9E00560749 /* Base */ = {isa = PBXFileReference; lastKnownFileType = file.storyboard; name = Base; path = Base.lproj/LaunchScreen.storyboard; sourceTree = "<group>"; };
		EF78EB292435DA9E00560749 /* Info.plist */ = {isa = PBXFileReference; lastKnownFileType = text.plist.xml; path = Info.plist; sourceTree = "<group>"; };
		EF78EB2A2435DA9E00560749 /* main.m */ = {isa = PBXFileReference; lastKnownFileType = sourcecode.c.objc; path = main.m; sourceTree = "<group>"; };
/* End PBXFileReference section */

/* Begin PBXFrameworksBuildPhase section */
		EF78EB122435DA9C00560749 /* Frameworks */ = {
			isa = PBXFrameworksBuildPhase;
			buildActionMask = 2147483647;
			files = (
			);
			runOnlyForDeploymentPostprocessing = 0;
		};
/* End PBXFrameworksBuildPhase section */

/* Begin PBXGroup section */
		EF78EB0C2435DA9C00560749 = {
			isa = PBXGroup;
			children = (
				EF78EB172435DA9C00560749 /* 23 Gestures */,
				EF78EB162435DA9C00560749 /* Products */,
			);
			sourceTree = "<group>";
		};
		EF78EB162435DA9C00560749 /* Products */ = {
			isa = PBXGroup;
			children = (
				EF78EB152435DA9C00560749 /* 23 Gestures.app */,
			);
			name = Products;
			sourceTree = "<group>";
		};
		EF78EB172435DA9C00560749 /* 23 Gestures */ = {
			isa = PBXGroup;
			children = (
				EF78EB182435DA9C00560749 /* AppDelegate.h */,
				EF78EB192435DA9C00560749 /* AppDelegate.m */,
				EF78EB1B2435DA9C00560749 /* SceneDelegate.h */,
				EF78EB1C2435DA9C00560749 /* SceneDelegate.m */,
				EF78EB1E2435DA9C00560749 /* ViewController.h */,
				EF78EB1F2435DA9C00560749 /* ViewController.m */,
				EF78EB212435DA9C00560749 /* Main.storyboard */,
				EF78EB242435DA9E00560749 /* Assets.xcassets */,
				EF78EB262435DA9E00560749 /* LaunchScreen.storyboard */,
				EF78EB292435DA9E00560749 /* Info.plist */,
				EF78EB2A2435DA9E00560749 /* main.m */,
			);
			path = "23 Gestures";
			sourceTree = "<group>";
		};
/* End PBXGroup section */

/* Begin PBXNativeTarget section */
		EF78EB142435DA9C00560749 /* 23 Gestures */ = {
			isa = PBXNativeTarget;
			buildConfigurationList = EF78EB2E2435DA9E00560749 /* Build configuration list for PBXNativeTarget "23 Gestures" */;
			buildPhases = (
				EF78EB112435DA9C00560749 /* Sources */,
				EF78EB122435DA9C00560749 /* Frameworks */,
				EF78EB132435DA9C00560749 /* Resources */,
			);
			buildRules = (
			);
			dependencies = (
			);
			name = "23 Gestures";
			productName = "23 Gestures";
			productReference = EF78EB152435DA9C00560749 /* 23 Gestures.app */;
			productType = "com.apple.product-type.application";
		};
/* End PBXNativeTarget section */

/* Begin PBXProject section */
		EF78EB0D2435DA9C00560749 /* Project object */ = {
			isa = PBXProject;
			attributes = {
				LastUpgradeCheck = 1130;
				ORGANIZATIONNAME = user167101;
				TargetAttributes = {
					EF78EB142435DA9C00560749 = {
						CreatedOnToolsVersion = 11.3.1;
					};
				};
			};
			buildConfigurationList = EF78EB102435DA9C00560749 /* Build configuration list for PBXProject "23 Gestures" */;
			compatibilityVersion = "Xcode 9.3";
			developmentRegion = en;
			hasScannedForEncodings = 0;
			knownRegions = (
				en,
				Base,
			);
			mainGroup = EF78EB0C2435DA9C00560749;
			productRefGroup = EF78EB162435DA9C00560749 /* Products */;
			projectDirPath = "";
			projectRoot = "";
			targets = (
				EF78EB142435DA9C00560749 /* 23 Gestures */,
			);
		};
/* End PBXProject section */

/* Begin PBXResourcesBuildPhase section */
		EF78EB132435DA9C00560749 /* Resources */ = {
			isa = PBXResourcesBuildPhase;
			buildActionMask = 2147483647;
			files = (
				EF78EB282435DA9E00560749 /* LaunchScreen.storyboard in Resources */,
				EF78EB252435DA9E00560749 /* Assets.xcassets in Resources */,
				EF78EB232435DA9C00560749 /* Main.storyboard in Resources */,
			);
			runOnlyForDeploymentPostprocessing = 0;
		};
/* End PBXResourcesBuildPhase section */

/* Begin PBXSourcesBuildPhase section */
		EF78EB112435DA9C00560749 /* Sources */ = {
			isa = PBXSourcesBuildPhase;
			buildActionMask = 2147483647;
			files = (
				EF78EB202435DA9C00560749 /* ViewController.m in Sources */,
				EF78EB1A2435DA9C00560749 /* AppDelegate.m in Sources */,
				EF78EB2B2435DA9E00560749 /* main.m in Sources */,
				EF78EB1D2435DA9C00560749 /* SceneDelegate.m in Sources */,
			);
			runOnlyForDeploymentPostprocessing = 0;
		};
/* End PBXSourcesBuildPhase section */

/* Begin PBXVariantGroup section */
		EF78EB212435DA9C00560749 /* Main.storyboard */ = {
			isa = PBXVariantGroup;
			children = (
				EF78EB222435DA9C00560749 /* Base */,
			);
			name = Main.storyboard;
			sourceTree = "<group>";
		};
		EF78EB262435DA9E00560749 /* LaunchScreen.storyboard */ = {
			isa = PBXVariantGroup;
			children = (
				EF78EB272435DA9E00560749 /* Base */,
			);
			name = LaunchScreen.storyboard;
			sourceTree = "<group>";
		};
/* End PBXVariantGroup section */

/* Begin XCBuildConfiguration section */
		EF78EB2C2435DA9E00560749 /* Debug */ = {
			isa = XCBuildConfiguration;
			buildSettings = {
				ALWAYS_SEARCH_USER_PATHS = NO;
				CLANG_ANALYZER_NONNULL = YES;
				CLANG_ANALYZER_NUMBER_OBJECT_CONVERSION = YES_AGGRESSIVE;
				CLANG_CXX_LANGUAGE_STANDARD = "gnu++14";
				CLANG_CXX_LIBRARY = "libc++";
				CLANG_ENABLE_MODULES = YES;
				CLANG_ENABLE_OBJC_ARC = YES;
				CLANG_ENABLE_OBJC_WEAK = YES;
				CLANG_WARN_BLOCK_CAPTURE_AUTORELEASING = YES;
				CLANG_WARN_BOOL_CONVERSION = YES;
				CLANG_WARN_COMMA = YES;
				CLANG_WARN_CONSTANT_CONVERSION = YES;
				CLANG_WARN_DEPRECATED_OBJC_IMPLEMENTATIONS = YES;
				CLANG_WARN_DIRECT_OBJC_ISA_USAGE = YES_ERROR;
				CLANG_WARN_DOCUMENTATION_COMMENTS = YES;
				CLANG_WARN_EMPTY_BODY = YES;
				CLANG_WARN_ENUM_CONVERSION = YES;
				CLANG_WARN_INFINITE_RECURSION = YES;
				CLANG_WARN_INT_CONVERSION = YES;
				CLANG_WARN_NON_LITERAL_NULL_CONVERSION = YES;
				CLANG_WARN_OBJC_IMPLICIT_RETAIN_SELF = YES;
				CLANG_WARN_OBJC_LITERAL_CONVERSION = YES;
				CLANG_WARN_OBJC_ROOT_CLASS = YES_ERROR;
				CLANG_WARN_RANGE_LOOP_ANALYSIS = YES;
				CLANG_WARN_STRICT_PROTOTYPES = YES;
				CLANG_WARN_SUSPICIOUS_MOVE = YES;
				CLANG_WARN_UNGUARDED_AVAILABILITY = YES_AGGRESSIVE;
				CLANG_WARN_UNREACHABLE_CODE = YES;
				CLANG_WARN__DUPLICATE_METHOD_MATCH = YES;
				COPY_PHASE_STRIP = NO;
				DEBUG_INFORMATION_FORMAT = dwarf;
				ENABLE_STRICT_OBJC_MSGSEND = YES;
				ENABLE_TESTABILITY = YES;
				GCC_C_LANGUAGE_STANDARD = gnu11;
				GCC_DYNAMIC_NO_PIC = NO;
				GCC_NO_COMMON_BLOCKS = YES;
				GCC_OPTIMIZATION_LEVEL = 0;
				GCC_PREPROCESSOR_DEFINITIONS = (
					"DEBUG=1",
					"$(inherited)",
				);
				GCC_WARN_64_TO_32_BIT_CONVERSION = YES;
				GCC_WARN_ABOUT_RETURN_TYPE = YES_ERROR;
				GCC_WARN_UNDECLARED_SELECTOR = YES;
				GCC_WARN_UNINITIALIZED_AUTOS = YES_AGGRESSIVE;
				GCC_WARN_UNUSED_FUNCTION = YES;
				GCC_WARN_UNUSED_VARIABLE = YES;
				IPHONEOS_DEPLOYMENT_TARGET = 13.2;
				MTL_ENABLE_DEBUG_INFO = INCLUDE_SOURCE;
				MTL_FAST_MATH = YES;
				ONLY_ACTIVE_ARCH = YES;
				SDKROOT = iphoneos;
			};
			name = Debug;
		};
		EF78EB2D2435DA9E00560749 /* Release */ = {
			isa = XCBuildConfiguration;
			buildSettings = {
				ALWAYS_SEARCH_USER_PATHS = NO;
				CLANG_ANALYZER_NONNULL = YES;
				CLANG_ANALYZER_NUMBER_OBJECT_CONVERSION = YES_AGGRESSIVE;
				CLANG_CXX_LANGUAGE_STANDARD = "gnu++14";
				CLANG_CXX_LIBRARY = "libc++";
				CLANG_ENABLE_MODULES = YES;
				CLANG_ENABLE_OBJC_ARC = YES;
				CLANG_ENABLE_OBJC_WEAK = YES;
				CLANG_WARN_BLOCK_CAPTURE_AUTORELEASING = YES;
				CLANG_WARN_BOOL_CONVERSION = YES;
				CLANG_WARN_COMMA = YES;
				CLANG_WARN_CONSTANT_CONVERSION = YES;
				CLANG_WARN_DEPRECATED_OBJC_IMPLEMENTATIONS = YES;
				CLANG_WARN_DIRECT_OBJC_ISA_USAGE = YES_ERROR;
				CLANG_WARN_DOCUMENTATION_COMMENTS = YES;
				CLANG_WARN_EMPTY_BODY = YES;
				CLANG_WARN_ENUM_CONVERSION = YES;
				CLANG_WARN_INFINITE_RECURSION = YES;
				CLANG_WARN_INT_CONVERSION = YES;
				CLANG_WARN_NON_LITERAL_NULL_CONVERSION = YES;
				CLANG_WARN_OBJC_IMPLICIT_RETAIN_SELF = YES;
				CLANG_WARN_OBJC_LITERAL_CONVERSION = YES;
				CLANG_WARN_OBJC_ROOT_CLASS = YES_ERROR;
				CLANG_WARN_RANGE_LOOP_ANALYSIS = YES;
				CLANG_WARN_STRICT_PROTOTYPES = YES;
				CLANG_WARN_SUSPICIOUS_MOVE = YES;
				CLANG_WARN_UNGUARDED_AVAILABILITY = YES_AGGRESSIVE;
				CLANG_WARN_UNREACHABLE_CODE = YES;
				CLANG_WARN__DUPLICATE_METHOD_MATCH = YES;
				COPY_PHASE_STRIP = NO;
				DEBUG_INFORMATION_FORMAT = "dwarf-with-dsym";
				ENABLE_NS_ASSERTIONS = NO;
				ENABLE_STRICT_OBJC_MSGSEND = YES;
				GCC_C_LANGUAGE_STANDARD = gnu11;
				GCC_NO_COMMON_BLOCKS = YES;
				GCC_WARN_64_TO_32_BIT_CONVERSION = YES;
				GCC_WARN_ABOUT_RETURN_TYPE = YES_ERROR;
				GCC_WARN_UNDECLARED_SELECTOR = YES;
				GCC_WARN_UNINITIALIZED_AUTOS = YES_AGGRESSIVE;
				GCC_WARN_UNUSED_FUNCTION = YES;
				GCC_WARN_UNUSED_VARIABLE = YES;
				IPHONEOS_DEPLOYMENT_TARGET = 13.2;
				MTL_ENABLE_DEBUG_INFO = NO;
				MTL_FAST_MATH = YES;
				SDKROOT = iphoneos;
				VALIDATE_PRODUCT = YES;
			};
			name = Release;
		};
		EF78EB2F2435DA9E00560749 /* Debug */ = {
			isa = XCBuildConfiguration;
			buildSettings = {
				ASSETCATALOG_COMPILER_APPICON_NAME = AppIcon;
				CODE_SIGN_STYLE = Automatic;
				INFOPLIST_FILE = "23 Gestures/Info.plist";
				LD_RUNPATH_SEARCH_PATHS = (
					"$(inherited)",
					"@executable_path/Frameworks",
				);
				PRODUCT_BUNDLE_IDENTIFIER = "com.-3-Gestures";
				PRODUCT_NAME = "$(TARGET_NAME)";
				TARGETED_DEVICE_FAMILY = "1,2";
			};
			name = Debug;
		};
		EF78EB302435DA9E00560749 /* Release */ = {
			isa = XCBuildConfiguration;
			buildSettings = {
				ASSETCATALOG_COMPILER_APPICON_NAME = AppIcon;
				CODE_SIGN_STYLE = Automatic;
				INFOPLIST_FILE = "23 Gestures/Info.plist";
				LD_RUNPATH_SEARCH_PATHS = (
					"$(inherited)",
					"@executable_path/Frameworks",
				);
				PRODUCT_BUNDLE_IDENTIFIER = "com.-3-Gestures";
				PRODUCT_NAME = "$(TARGET_NAME)";
				TARGETED_DEVICE_FAMILY = "1,2";
			};
			name = Release;
		};
/* End XCBuildConfiguration section */

/* Begin XCConfigurationList section */
		EF78EB102435DA9C00560749 /* Build configuration list for PBXProject "23 Gestures" */ = {
			isa = XCConfigurationList;
			buildConfigurations = (
				EF78EB2C2435DA9E00560749 /* Debug */,
				EF78EB2D2435DA9E00560749 /* Release */,
			);
			defaultConfigurationIsVisible = 0;
			defaultConfigurationName = Release;
		};
		EF78EB2E2435DA9E00560749 /* Build configuration list for PBXNativeTarget "23 Gestures" */ = {
			isa = XCConfigurationList;
			buildConfigurations = (
				EF78EB2F2435DA9E00560749 /* Debug */,
				EF78EB302435DA9E00560749 /* Release */,
			);
			defaultConfigurationIsVisible = 0;
			defaultConfigurationName = Release;
		};
/* End XCConfigurationList section */
	};
	rootObject = EF78EB0D2435DA9C00560749 /* Project object */;
}
