// !$*UTF8*$!
{
	archiveVersion = 1;
	classes = {
	};
	objectVersion = 50;
	objects = {

/* Begin PBXBuildFile section */
		EF905A0A241BB53E00B91827 /* Patient.m in Sources */ = {isa = PBXBuildFile; fileRef = EF905A09241BB53E00B91827 /* Patient.m */; };
		EF905A0D241BB56000B91827 /* Doctor.m in Sources */ = {isa = PBXBuildFile; fileRef = EF905A0C241BB56000B91827 /* Doctor.m */; };
		EF905A11241BB72600B91827 /* Friend.m in Sources */ = {isa = PBXBuildFile; fileRef = EF905A10241BB72600B91827 /* Friend.m */; };
		EFF68BC0241B8F9000E8251D /* AppDelegate.m in Sources */ = {isa = PBXBuildFile; fileRef = EFF68BBF241B8F9000E8251D /* AppDelegate.m */; };
		EFF68BC3241B8F9000E8251D /* SceneDelegate.m in Sources */ = {isa = PBXBuildFile; fileRef = EFF68BC2241B8F9000E8251D /* SceneDelegate.m */; };
		EFF68BC6241B8F9000E8251D /* ViewController.m in Sources */ = {isa = PBXBuildFile; fileRef = EFF68BC5241B8F9000E8251D /* ViewController.m */; };
		EFF68BC9241B8F9000E8251D /* Main.storyboard in Resources */ = {isa = PBXBuildFile; fileRef = EFF68BC7241B8F9000E8251D /* Main.storyboard */; };
		EFF68BCB241B8F9100E8251D /* Assets.xcassets in Resources */ = {isa = PBXBuildFile; fileRef = EFF68BCA241B8F9100E8251D /* Assets.xcassets */; };
		EFF68BCE241B8F9100E8251D /* LaunchScreen.storyboard in Resources */ = {isa = PBXBuildFile; fileRef = EFF68BCC241B8F9100E8251D /* LaunchScreen.storyboard */; };
		EFF68BD1241B8F9100E8251D /* main.m in Sources */ = {isa = PBXBuildFile; fileRef = EFF68BD0241B8F9100E8251D /* main.m */; };
/* End PBXBuildFile section */

/* Begin PBXFileReference section */
		EF905A08241BB52A00B91827 /* Patient.h */ = {isa = PBXFileReference; lastKnownFileType = sourcecode.c.h; path = Patient.h; sourceTree = "<group>"; };
		EF905A09241BB53E00B91827 /* Patient.m */ = {isa = PBXFileReference; lastKnownFileType = sourcecode.c.objc; path = Patient.m; sourceTree = "<group>"; };
		EF905A0B241BB55000B91827 /* Doctor.h */ = {isa = PBXFileReference; lastKnownFileType = sourcecode.c.h; path = Doctor.h; sourceTree = "<group>"; };
		EF905A0C241BB56000B91827 /* Doctor.m */ = {isa = PBXFileReference; lastKnownFileType = sourcecode.c.objc; path = Doctor.m; sourceTree = "<group>"; };
		EF905A0F241BB71500B91827 /* Friend.h */ = {isa = PBXFileReference; lastKnownFileType = sourcecode.c.h; path = Friend.h; sourceTree = "<group>"; };
		EF905A10241BB72600B91827 /* Friend.m */ = {isa = PBXFileReference; lastKnownFileType = sourcecode.c.objc; path = Friend.m; sourceTree = "<group>"; };
		EFF68BBB241B8F9000E8251D /* 09 Delegates.app */ = {isa = PBXFileReference; explicitFileType = wrapper.application; includeInIndex = 0; path = "09 Delegates.app"; sourceTree = BUILT_PRODUCTS_DIR; };
		EFF68BBE241B8F9000E8251D /* AppDelegate.h */ = {isa = PBXFileReference; lastKnownFileType = sourcecode.c.h; path = AppDelegate.h; sourceTree = "<group>"; };
		EFF68BBF241B8F9000E8251D /* AppDelegate.m */ = {isa = PBXFileReference; lastKnownFileType = sourcecode.c.objc; path = AppDelegate.m; sourceTree = "<group>"; };
		EFF68BC1241B8F9000E8251D /* SceneDelegate.h */ = {isa = PBXFileReference; lastKnownFileType = sourcecode.c.h; path = SceneDelegate.h; sourceTree = "<group>"; };
		EFF68BC2241B8F9000E8251D /* SceneDelegate.m */ = {isa = PBXFileReference; lastKnownFileType = sourcecode.c.objc; path = SceneDelegate.m; sourceTree = "<group>"; };
		EFF68BC4241B8F9000E8251D /* ViewController.h */ = {isa = PBXFileReference; lastKnownFileType = sourcecode.c.h; path = ViewController.h; sourceTree = "<group>"; };
		EFF68BC5241B8F9000E8251D /* ViewController.m */ = {isa = PBXFileReference; lastKnownFileType = sourcecode.c.objc; path = ViewController.m; sourceTree = "<group>"; };
		EFF68BC8241B8F9000E8251D /* Base */ = {isa = PBXFileReference; lastKnownFileType = file.storyboard; name = Base; path = Base.lproj/Main.storyboard; sourceTree = "<group>"; };
		EFF68BCA241B8F9100E8251D /* Assets.xcassets */ = {isa = PBXFileReference; lastKnownFileType = folder.assetcatalog; path = Assets.xcassets; sourceTree = "<group>"; };
		EFF68BCD241B8F9100E8251D /* Base */ = {isa = PBXFileReference; lastKnownFileType = file.storyboard; name = Base; path = Base.lproj/LaunchScreen.storyboard; sourceTree = "<group>"; };
		EFF68BCF241B8F9100E8251D /* Info.plist */ = {isa = PBXFileReference; lastKnownFileType = text.plist.xml; path = Info.plist; sourceTree = "<group>"; };
		EFF68BD0241B8F9100E8251D /* main.m */ = {isa = PBXFileReference; lastKnownFileType = sourcecode.c.objc; path = main.m; sourceTree = "<group>"; };
/* End PBXFileReference section */

/* Begin PBXFrameworksBuildPhase section */
		EFF68BB8241B8F9000E8251D /* Frameworks */ = {
			isa = PBXFrameworksBuildPhase;
			buildActionMask = 2147483647;
			files = (
			);
			runOnlyForDeploymentPostprocessing = 0;
		};
/* End PBXFrameworksBuildPhase section */

/* Begin PBXGroup section */
		EF905A0E241BB56500B91827 /* Classes */ = {
			isa = PBXGroup;
			children = (
				EF905A08241BB52A00B91827 /* Patient.h */,
				EF905A09241BB53E00B91827 /* Patient.m */,
				EF905A0B241BB55000B91827 /* Doctor.h */,
				EF905A0C241BB56000B91827 /* Doctor.m */,
				EF905A0F241BB71500B91827 /* Friend.h */,
				EF905A10241BB72600B91827 /* Friend.m */,
			);
			path = Classes;
			sourceTree = "<group>";
		};
		EFF68BB2241B8F9000E8251D = {
			isa = PBXGroup;
			children = (
				EFF68BBD241B8F9000E8251D /* 09 Delegates */,
				EFF68BBC241B8F9000E8251D /* Products */,
			);
			sourceTree = "<group>";
		};
		EFF68BBC241B8F9000E8251D /* Products */ = {
			isa = PBXGroup;
			children = (
				EFF68BBB241B8F9000E8251D /* 09 Delegates.app */,
			);
			name = Products;
			sourceTree = "<group>";
		};
		EFF68BBD241B8F9000E8251D /* 09 Delegates */ = {
			isa = PBXGroup;
			children = (
				EF905A0E241BB56500B91827 /* Classes */,
				EFF68BBE241B8F9000E8251D /* AppDelegate.h */,
				EFF68BBF241B8F9000E8251D /* AppDelegate.m */,
				EFF68BC1241B8F9000E8251D /* SceneDelegate.h */,
				EFF68BC2241B8F9000E8251D /* SceneDelegate.m */,
				EFF68BC4241B8F9000E8251D /* ViewController.h */,
				EFF68BC5241B8F9000E8251D /* ViewController.m */,
				EFF68BC7241B8F9000E8251D /* Main.storyboard */,
				EFF68BCA241B8F9100E8251D /* Assets.xcassets */,
				EFF68BCC241B8F9100E8251D /* LaunchScreen.storyboard */,
				EFF68BCF241B8F9100E8251D /* Info.plist */,
				EFF68BD0241B8F9100E8251D /* main.m */,
			);
			path = "09 Delegates";
			sourceTree = "<group>";
		};
/* End PBXGroup section */

/* Begin PBXNativeTarget section */
		EFF68BBA241B8F9000E8251D /* 09 Delegates */ = {
			isa = PBXNativeTarget;
			buildConfigurationList = EFF68BD4241B8F9100E8251D /* Build configuration list for PBXNativeTarget "09 Delegates" */;
			buildPhases = (
				EFF68BB7241B8F9000E8251D /* Sources */,
				EFF68BB8241B8F9000E8251D /* Frameworks */,
				EFF68BB9241B8F9000E8251D /* Resources */,
			);
			buildRules = (
			);
			dependencies = (
			);
			name = "09 Delegates";
			productName = "09 Delegates";
			productReference = EFF68BBB241B8F9000E8251D /* 09 Delegates.app */;
			productType = "com.apple.product-type.application";
		};
/* End PBXNativeTarget section */

/* Begin PBXProject section */
		EFF68BB3241B8F9000E8251D /* Project object */ = {
			isa = PBXProject;
			attributes = {
				LastUpgradeCheck = 1130;
				ORGANIZATIONNAME = user167101;
				TargetAttributes = {
					EFF68BBA241B8F9000E8251D = {
						CreatedOnToolsVersion = 11.3.1;
					};
				};
			};
			buildConfigurationList = EFF68BB6241B8F9000E8251D /* Build configuration list for PBXProject "09 Delegates" */;
			compatibilityVersion = "Xcode 9.3";
			developmentRegion = en;
			hasScannedForEncodings = 0;
			knownRegions = (
				en,
				Base,
			);
			mainGroup = EFF68BB2241B8F9000E8251D;
			productRefGroup = EFF68BBC241B8F9000E8251D /* Products */;
			projectDirPath = "";
			projectRoot = "";
			targets = (
				EFF68BBA241B8F9000E8251D /* 09 Delegates */,
			);
		};
/* End PBXProject section */

/* Begin PBXResourcesBuildPhase section */
		EFF68BB9241B8F9000E8251D /* Resources */ = {
			isa = PBXResourcesBuildPhase;
			buildActionMask = 2147483647;
			files = (
				EFF68BCE241B8F9100E8251D /* LaunchScreen.storyboard in Resources */,
				EFF68BCB241B8F9100E8251D /* Assets.xcassets in Resources */,
				EFF68BC9241B8F9000E8251D /* Main.storyboard in Resources */,
			);
			runOnlyForDeploymentPostprocessing = 0;
		};
/* End PBXResourcesBuildPhase section */

/* Begin PBXSourcesBuildPhase section */
		EFF68BB7241B8F9000E8251D /* Sources */ = {
			isa = PBXSourcesBuildPhase;
			buildActionMask = 2147483647;
			files = (
				EFF68BC6241B8F9000E8251D /* ViewController.m in Sources */,
				EF905A11241BB72600B91827 /* Friend.m in Sources */,
				EFF68BC0241B8F9000E8251D /* AppDelegate.m in Sources */,
				EF905A0D241BB56000B91827 /* Doctor.m in Sources */,
				EF905A0A241BB53E00B91827 /* Patient.m in Sources */,
				EFF68BD1241B8F9100E8251D /* main.m in Sources */,
				EFF68BC3241B8F9000E8251D /* SceneDelegate.m in Sources */,
			);
			runOnlyForDeploymentPostprocessing = 0;
		};
/* End PBXSourcesBuildPhase section */

/* Begin PBXVariantGroup section */
		EFF68BC7241B8F9000E8251D /* Main.storyboard */ = {
			isa = PBXVariantGroup;
			children = (
				EFF68BC8241B8F9000E8251D /* Base */,
			);
			name = Main.storyboard;
			sourceTree = "<group>";
		};
		EFF68BCC241B8F9100E8251D /* LaunchScreen.storyboard */ = {
			isa = PBXVariantGroup;
			children = (
				EFF68BCD241B8F9100E8251D /* Base */,
			);
			name = LaunchScreen.storyboard;
			sourceTree = "<group>";
		};
/* End PBXVariantGroup section */

/* Begin XCBuildConfiguration section */
		EFF68BD2241B8F9100E8251D /* Debug */ = {
			isa = XCBuildConfiguration;
			buildSettings = {
				ALWAYS_SEARCH_USER_PATHS = NO;
				CLANG_ANALYZER_NONNULL = YES;
				CLANG_ANALYZER_NUMBER_OBJECT_CONVERSION = YES_AGGRESSIVE;
				CLANG_CXX_LANGUAGE_STANDARD = "gnu++14";
				CLANG_CXX_LIBRARY = "libc++";
				CLANG_ENABLE_MODULES = YES;
				CLANG_ENABLE_OBJC_ARC = YES;
				CLANG_ENABLE_OBJC_WEAK = YES;
				CLANG_WARN_BLOCK_CAPTURE_AUTORELEASING = YES;
				CLANG_WARN_BOOL_CONVERSION = YES;
				CLANG_WARN_COMMA = YES;
				CLANG_WARN_CONSTANT_CONVERSION = YES;
				CLANG_WARN_DEPRECATED_OBJC_IMPLEMENTATIONS = YES;
				CLANG_WARN_DIRECT_OBJC_ISA_USAGE = YES_ERROR;
				CLANG_WARN_DOCUMENTATION_COMMENTS = YES;
				CLANG_WARN_EMPTY_BODY = YES;
				CLANG_WARN_ENUM_CONVERSION = YES;
				CLANG_WARN_INFINITE_RECURSION = YES;
				CLANG_WARN_INT_CONVERSION = YES;
				CLANG_WARN_NON_LITERAL_NULL_CONVERSION = YES;
				CLANG_WARN_OBJC_IMPLICIT_RETAIN_SELF = YES;
				CLANG_WARN_OBJC_LITERAL_CONVERSION = YES;
				CLANG_WARN_OBJC_ROOT_CLASS = YES_ERROR;
				CLANG_WARN_RANGE_LOOP_ANALYSIS = YES;
				CLANG_WARN_STRICT_PROTOTYPES = YES;
				CLANG_WARN_SUSPICIOUS_MOVE = YES;
				CLANG_WARN_UNGUARDED_AVAILABILITY = YES_AGGRESSIVE;
				CLANG_WARN_UNREACHABLE_CODE = YES;
				CLANG_WARN__DUPLICATE_METHOD_MATCH = YES;
				COPY_PHASE_STRIP = NO;
				DEBUG_INFORMATION_FORMAT = dwarf;
				ENABLE_STRICT_OBJC_MSGSEND = YES;
				ENABLE_TESTABILITY = YES;
				GCC_C_LANGUAGE_STANDARD = gnu11;
				GCC_DYNAMIC_NO_PIC = NO;
				GCC_NO_COMMON_BLOCKS = YES;
				GCC_OPTIMIZATION_LEVEL = 0;
				GCC_PREPROCESSOR_DEFINITIONS = (
					"DEBUG=1",
					"$(inherited)",
				);
				GCC_WARN_64_TO_32_BIT_CONVERSION = YES;
				GCC_WARN_ABOUT_RETURN_TYPE = YES_ERROR;
				GCC_WARN_UNDECLARED_SELECTOR = YES;
				GCC_WARN_UNINITIALIZED_AUTOS = YES_AGGRESSIVE;
				GCC_WARN_UNUSED_FUNCTION = YES;
				GCC_WARN_UNUSED_VARIABLE = YES;
				IPHONEOS_DEPLOYMENT_TARGET = 13.2;
				MTL_ENABLE_DEBUG_INFO = INCLUDE_SOURCE;
				MTL_FAST_MATH = YES;
				ONLY_ACTIVE_ARCH = YES;
				SDKROOT = iphoneos;
			};
			name = Debug;
		};
		EFF68BD3241B8F9100E8251D /* Release */ = {
			isa = XCBuildConfiguration;
			buildSettings = {
				ALWAYS_SEARCH_USER_PATHS = NO;
				CLANG_ANALYZER_NONNULL = YES;
				CLANG_ANALYZER_NUMBER_OBJECT_CONVERSION = YES_AGGRESSIVE;
				CLANG_CXX_LANGUAGE_STANDARD = "gnu++14";
				CLANG_CXX_LIBRARY = "libc++";
				CLANG_ENABLE_MODULES = YES;
				CLANG_ENABLE_OBJC_ARC = YES;
				CLANG_ENABLE_OBJC_WEAK = YES;
				CLANG_WARN_BLOCK_CAPTURE_AUTORELEASING = YES;
				CLANG_WARN_BOOL_CONVERSION = YES;
				CLANG_WARN_COMMA = YES;
				CLANG_WARN_CONSTANT_CONVERSION = YES;
				CLANG_WARN_DEPRECATED_OBJC_IMPLEMENTATIONS = YES;
				CLANG_WARN_DIRECT_OBJC_ISA_USAGE = YES_ERROR;
				CLANG_WARN_DOCUMENTATION_COMMENTS = YES;
				CLANG_WARN_EMPTY_BODY = YES;
				CLANG_WARN_ENUM_CONVERSION = YES;
				CLANG_WARN_INFINITE_RECURSION = YES;
				CLANG_WARN_INT_CONVERSION = YES;
				CLANG_WARN_NON_LITERAL_NULL_CONVERSION = YES;
				CLANG_WARN_OBJC_IMPLICIT_RETAIN_SELF = YES;
				CLANG_WARN_OBJC_LITERAL_CONVERSION = YES;
				CLANG_WARN_OBJC_ROOT_CLASS = YES_ERROR;
				CLANG_WARN_RANGE_LOOP_ANALYSIS = YES;
				CLANG_WARN_STRICT_PROTOTYPES = YES;
				CLANG_WARN_SUSPICIOUS_MOVE = YES;
				CLANG_WARN_UNGUARDED_AVAILABILITY = YES_AGGRESSIVE;
				CLANG_WARN_UNREACHABLE_CODE = YES;
				CLANG_WARN__DUPLICATE_METHOD_MATCH = YES;
				COPY_PHASE_STRIP = NO;
				DEBUG_INFORMATION_FORMAT = "dwarf-with-dsym";
				ENABLE_NS_ASSERTIONS = NO;
				ENABLE_STRICT_OBJC_MSGSEND = YES;
				GCC_C_LANGUAGE_STANDARD = gnu11;
				GCC_NO_COMMON_BLOCKS = YES;
				GCC_WARN_64_TO_32_BIT_CONVERSION = YES;
				GCC_WARN_ABOUT_RETURN_TYPE = YES_ERROR;
				GCC_WARN_UNDECLARED_SELECTOR = YES;
				GCC_WARN_UNINITIALIZED_AUTOS = YES_AGGRESSIVE;
				GCC_WARN_UNUSED_FUNCTION = YES;
				GCC_WARN_UNUSED_VARIABLE = YES;
				IPHONEOS_DEPLOYMENT_TARGET = 13.2;
				MTL_ENABLE_DEBUG_INFO = NO;
				MTL_FAST_MATH = YES;
				SDKROOT = iphoneos;
				VALIDATE_PRODUCT = YES;
			};
			name = Release;
		};
		EFF68BD5241B8F9100E8251D /* Debug */ = {
			isa = XCBuildConfiguration;
			buildSettings = {
				ASSETCATALOG_COMPILER_APPICON_NAME = AppIcon;
				CODE_SIGN_STYLE = Automatic;
				INFOPLIST_FILE = "09 Delegates/Info.plist";
				LD_RUNPATH_SEARCH_PATHS = (
					"$(inherited)",
					"@executable_path/Frameworks",
				);
				PRODUCT_BUNDLE_IDENTIFIER = "com.-9-Delegates";
				PRODUCT_NAME = "$(TARGET_NAME)";
				TARGETED_DEVICE_FAMILY = "1,2";
			};
			name = Debug;
		};
		EFF68BD6241B8F9100E8251D /* Release */ = {
			isa = XCBuildConfiguration;
			buildSettings = {
				ASSETCATALOG_COMPILER_APPICON_NAME = AppIcon;
				CODE_SIGN_STYLE = Automatic;
				INFOPLIST_FILE = "09 Delegates/Info.plist";
				LD_RUNPATH_SEARCH_PATHS = (
					"$(inherited)",
					"@executable_path/Frameworks",
				);
				PRODUCT_BUNDLE_IDENTIFIER = "com.-9-Delegates";
				PRODUCT_NAME = "$(TARGET_NAME)";
				TARGETED_DEVICE_FAMILY = "1,2";
			};
			name = Release;
		};
/* End XCBuildConfiguration section */

/* Begin XCConfigurationList section */
		EFF68BB6241B8F9000E8251D /* Build configuration list for PBXProject "09 Delegates" */ = {
			isa = XCConfigurationList;
			buildConfigurations = (
				EFF68BD2241B8F9100E8251D /* Debug */,
				EFF68BD3241B8F9100E8251D /* Release */,
			);
			defaultConfigurationIsVisible = 0;
			defaultConfigurationName = Release;
		};
		EFF68BD4241B8F9100E8251D /* Build configuration list for PBXNativeTarget "09 Delegates" */ = {
			isa = XCConfigurationList;
			buildConfigurations = (
				EFF68BD5241B8F9100E8251D /* Debug */,
				EFF68BD6241B8F9100E8251D /* Release */,
			);
			defaultConfigurationIsVisible = 0;
			defaultConfigurationName = Release;
		};
/* End XCConfigurationList section */
	};
	rootObject = EFF68BB3241B8F9000E8251D /* Project object */;
}
