// !$*UTF8*$!
{
	archiveVersion = 1;
	classes = {
	};
	objectVersion = 50;
	objects = {

/* Begin PBXBuildFile section */
		EF621B642428CA1F00234EF0 /* AppDelegate.m in Sources */ = {isa = PBXBuildFile; fileRef = EF621B632428CA1F00234EF0 /* AppDelegate.m */; };
		EF621B672428CA1F00234EF0 /* SceneDelegate.m in Sources */ = {isa = PBXBuildFile; fileRef = EF621B662428CA1F00234EF0 /* SceneDelegate.m */; };
		EF621B6A2428CA1F00234EF0 /* ViewController.m in Sources */ = {isa = PBXBuildFile; fileRef = EF621B692428CA1F00234EF0 /* ViewController.m */; };
		EF621B6D2428CA1F00234EF0 /* Main.storyboard in Resources */ = {isa = PBXBuildFile; fileRef = EF621B6B2428CA1F00234EF0 /* Main.storyboard */; };
		EF621B6F2428CA2000234EF0 /* Assets.xcassets in Resources */ = {isa = PBXBuildFile; fileRef = EF621B6E2428CA2000234EF0 /* Assets.xcassets */; };
		EF621B722428CA2000234EF0 /* LaunchScreen.storyboard in Resources */ = {isa = PBXBuildFile; fileRef = EF621B702428CA2000234EF0 /* LaunchScreen.storyboard */; };
		EF621B752428CA2000234EF0 /* main.m in Sources */ = {isa = PBXBuildFile; fileRef = EF621B742428CA2000234EF0 /* main.m */; };
/* End PBXBuildFile section */

/* Begin PBXFileReference section */
		EF621B5F2428CA1F00234EF0 /* 18 UIView.app */ = {isa = PBXFileReference; explicitFileType = wrapper.application; includeInIndex = 0; path = "18 UIView.app"; sourceTree = BUILT_PRODUCTS_DIR; };
		EF621B622428CA1F00234EF0 /* AppDelegate.h */ = {isa = PBXFileReference; lastKnownFileType = sourcecode.c.h; path = AppDelegate.h; sourceTree = "<group>"; };
		EF621B632428CA1F00234EF0 /* AppDelegate.m */ = {isa = PBXFileReference; lastKnownFileType = sourcecode.c.objc; path = AppDelegate.m; sourceTree = "<group>"; };
		EF621B652428CA1F00234EF0 /* SceneDelegate.h */ = {isa = PBXFileReference; lastKnownFileType = sourcecode.c.h; path = SceneDelegate.h; sourceTree = "<group>"; };
		EF621B662428CA1F00234EF0 /* SceneDelegate.m */ = {isa = PBXFileReference; lastKnownFileType = sourcecode.c.objc; path = SceneDelegate.m; sourceTree = "<group>"; };
		EF621B682428CA1F00234EF0 /* ViewController.h */ = {isa = PBXFileReference; lastKnownFileType = sourcecode.c.h; path = ViewController.h; sourceTree = "<group>"; };
		EF621B692428CA1F00234EF0 /* ViewController.m */ = {isa = PBXFileReference; lastKnownFileType = sourcecode.c.objc; path = ViewController.m; sourceTree = "<group>"; };
		EF621B6C2428CA1F00234EF0 /* Base */ = {isa = PBXFileReference; lastKnownFileType = file.storyboard; name = Base; path = Base.lproj/Main.storyboard; sourceTree = "<group>"; };
		EF621B6E2428CA2000234EF0 /* Assets.xcassets */ = {isa = PBXFileReference; lastKnownFileType = folder.assetcatalog; path = Assets.xcassets; sourceTree = "<group>"; };
		EF621B712428CA2000234EF0 /* Base */ = {isa = PBXFileReference; lastKnownFileType = file.storyboard; name = Base; path = Base.lproj/LaunchScreen.storyboard; sourceTree = "<group>"; };
		EF621B732428CA2000234EF0 /* Info.plist */ = {isa = PBXFileReference; lastKnownFileType = text.plist.xml; path = Info.plist; sourceTree = "<group>"; };
		EF621B742428CA2000234EF0 /* main.m */ = {isa = PBXFileReference; lastKnownFileType = sourcecode.c.objc; path = main.m; sourceTree = "<group>"; };
/* End PBXFileReference section */

/* Begin PBXFrameworksBuildPhase section */
		EF621B5C2428CA1F00234EF0 /* Frameworks */ = {
			isa = PBXFrameworksBuildPhase;
			buildActionMask = 2147483647;
			files = (
			);
			runOnlyForDeploymentPostprocessing = 0;
		};
/* End PBXFrameworksBuildPhase section */

/* Begin PBXGroup section */
		EF621B562428CA1F00234EF0 = {
			isa = PBXGroup;
			children = (
				EF621B612428CA1F00234EF0 /* 18 UIView */,
				EF621B602428CA1F00234EF0 /* Products */,
			);
			sourceTree = "<group>";
		};
		EF621B602428CA1F00234EF0 /* Products */ = {
			isa = PBXGroup;
			children = (
				EF621B5F2428CA1F00234EF0 /* 18 UIView.app */,
			);
			name = Products;
			sourceTree = "<group>";
		};
		EF621B612428CA1F00234EF0 /* 18 UIView */ = {
			isa = PBXGroup;
			children = (
				EF621B622428CA1F00234EF0 /* AppDelegate.h */,
				EF621B632428CA1F00234EF0 /* AppDelegate.m */,
				EF621B652428CA1F00234EF0 /* SceneDelegate.h */,
				EF621B662428CA1F00234EF0 /* SceneDelegate.m */,
				EF621B682428CA1F00234EF0 /* ViewController.h */,
				EF621B692428CA1F00234EF0 /* ViewController.m */,
				EF621B6B2428CA1F00234EF0 /* Main.storyboard */,
				EF621B6E2428CA2000234EF0 /* Assets.xcassets */,
				EF621B702428CA2000234EF0 /* LaunchScreen.storyboard */,
				EF621B732428CA2000234EF0 /* Info.plist */,
				EF621B742428CA2000234EF0 /* main.m */,
			);
			path = "18 UIView";
			sourceTree = "<group>";
		};
/* End PBXGroup section */

/* Begin PBXNativeTarget section */
		EF621B5E2428CA1F00234EF0 /* 18 UIView */ = {
			isa = PBXNativeTarget;
			buildConfigurationList = EF621B782428CA2000234EF0 /* Build configuration list for PBXNativeTarget "18 UIView" */;
			buildPhases = (
				EF621B5B2428CA1F00234EF0 /* Sources */,
				EF621B5C2428CA1F00234EF0 /* Frameworks */,
				EF621B5D2428CA1F00234EF0 /* Resources */,
			);
			buildRules = (
			);
			dependencies = (
			);
			name = "18 UIView";
			productName = "18 UIView";
			productReference = EF621B5F2428CA1F00234EF0 /* 18 UIView.app */;
			productType = "com.apple.product-type.application";
		};
/* End PBXNativeTarget section */

/* Begin PBXProject section */
		EF621B572428CA1F00234EF0 /* Project object */ = {
			isa = PBXProject;
			attributes = {
				LastUpgradeCheck = 1130;
				ORGANIZATIONNAME = user167101;
				TargetAttributes = {
					EF621B5E2428CA1F00234EF0 = {
						CreatedOnToolsVersion = 11.3.1;
					};
				};
			};
			buildConfigurationList = EF621B5A2428CA1F00234EF0 /* Build configuration list for PBXProject "18 UIView" */;
			compatibilityVersion = "Xcode 9.3";
			developmentRegion = en;
			hasScannedForEncodings = 0;
			knownRegions = (
				en,
				Base,
			);
			mainGroup = EF621B562428CA1F00234EF0;
			productRefGroup = EF621B602428CA1F00234EF0 /* Products */;
			projectDirPath = "";
			projectRoot = "";
			targets = (
				EF621B5E2428CA1F00234EF0 /* 18 UIView */,
			);
		};
/* End PBXProject section */

/* Begin PBXResourcesBuildPhase section */
		EF621B5D2428CA1F00234EF0 /* Resources */ = {
			isa = PBXResourcesBuildPhase;
			buildActionMask = 2147483647;
			files = (
				EF621B722428CA2000234EF0 /* LaunchScreen.storyboard in Resources */,
				EF621B6F2428CA2000234EF0 /* Assets.xcassets in Resources */,
				EF621B6D2428CA1F00234EF0 /* Main.storyboard in Resources */,
			);
			runOnlyForDeploymentPostprocessing = 0;
		};
/* End PBXResourcesBuildPhase section */

/* Begin PBXSourcesBuildPhase section */
		EF621B5B2428CA1F00234EF0 /* Sources */ = {
			isa = PBXSourcesBuildPhase;
			buildActionMask = 2147483647;
			files = (
				EF621B6A2428CA1F00234EF0 /* ViewController.m in Sources */,
				EF621B642428CA1F00234EF0 /* AppDelegate.m in Sources */,
				EF621B752428CA2000234EF0 /* main.m in Sources */,
				EF621B672428CA1F00234EF0 /* SceneDelegate.m in Sources */,
			);
			runOnlyForDeploymentPostprocessing = 0;
		};
/* End PBXSourcesBuildPhase section */

/* Begin PBXVariantGroup section */
		EF621B6B2428CA1F00234EF0 /* Main.storyboard */ = {
			isa = PBXVariantGroup;
			children = (
				EF621B6C2428CA1F00234EF0 /* Base */,
			);
			name = Main.storyboard;
			sourceTree = "<group>";
		};
		EF621B702428CA2000234EF0 /* LaunchScreen.storyboard */ = {
			isa = PBXVariantGroup;
			children = (
				EF621B712428CA2000234EF0 /* Base */,
			);
			name = LaunchScreen.storyboard;
			sourceTree = "<group>";
		};
/* End PBXVariantGroup section */

/* Begin XCBuildConfiguration section */
		EF621B762428CA2000234EF0 /* Debug */ = {
			isa = XCBuildConfiguration;
			buildSettings = {
				ALWAYS_SEARCH_USER_PATHS = NO;
				CLANG_ANALYZER_NONNULL = YES;
				CLANG_ANALYZER_NUMBER_OBJECT_CONVERSION = YES_AGGRESSIVE;
				CLANG_CXX_LANGUAGE_STANDARD = "gnu++14";
				CLANG_CXX_LIBRARY = "libc++";
				CLANG_ENABLE_MODULES = YES;
				CLANG_ENABLE_OBJC_ARC = YES;
				CLANG_ENABLE_OBJC_WEAK = YES;
				CLANG_WARN_BLOCK_CAPTURE_AUTORELEASING = YES;
				CLANG_WARN_BOOL_CONVERSION = YES;
				CLANG_WARN_COMMA = YES;
				CLANG_WARN_CONSTANT_CONVERSION = YES;
				CLANG_WARN_DEPRECATED_OBJC_IMPLEMENTATIONS = YES;
				CLANG_WARN_DIRECT_OBJC_ISA_USAGE = YES_ERROR;
				CLANG_WARN_DOCUMENTATION_COMMENTS = YES;
				CLANG_WARN_EMPTY_BODY = YES;
				CLANG_WARN_ENUM_CONVERSION = YES;
				CLANG_WARN_INFINITE_RECURSION = YES;
				CLANG_WARN_INT_CONVERSION = YES;
				CLANG_WARN_NON_LITERAL_NULL_CONVERSION = YES;
				CLANG_WARN_OBJC_IMPLICIT_RETAIN_SELF = YES;
				CLANG_WARN_OBJC_LITERAL_CONVERSION = YES;
				CLANG_WARN_OBJC_ROOT_CLASS = YES_ERROR;
				CLANG_WARN_RANGE_LOOP_ANALYSIS = YES;
				CLANG_WARN_STRICT_PROTOTYPES = YES;
				CLANG_WARN_SUSPICIOUS_MOVE = YES;
				CLANG_WARN_UNGUARDED_AVAILABILITY = YES_AGGRESSIVE;
				CLANG_WARN_UNREACHABLE_CODE = YES;
				CLANG_WARN__DUPLICATE_METHOD_MATCH = YES;
				COPY_PHASE_STRIP = NO;
				DEBUG_INFORMATION_FORMAT = dwarf;
				ENABLE_STRICT_OBJC_MSGSEND = YES;
				ENABLE_TESTABILITY = YES;
				GCC_C_LANGUAGE_STANDARD = gnu11;
				GCC_DYNAMIC_NO_PIC = NO;
				GCC_NO_COMMON_BLOCKS = YES;
				GCC_OPTIMIZATION_LEVEL = 0;
				GCC_PREPROCESSOR_DEFINITIONS = (
					"DEBUG=1",
					"$(inherited)",
				);
				GCC_WARN_64_TO_32_BIT_CONVERSION = YES;
				GCC_WARN_ABOUT_RETURN_TYPE = YES_ERROR;
				GCC_WARN_UNDECLARED_SELECTOR = YES;
				GCC_WARN_UNINITIALIZED_AUTOS = YES_AGGRESSIVE;
				GCC_WARN_UNUSED_FUNCTION = YES;
				GCC_WARN_UNUSED_VARIABLE = YES;
				IPHONEOS_DEPLOYMENT_TARGET = 13.2;
				MTL_ENABLE_DEBUG_INFO = INCLUDE_SOURCE;
				MTL_FAST_MATH = YES;
				ONLY_ACTIVE_ARCH = YES;
				SDKROOT = iphoneos;
			};
			name = Debug;
		};
		EF621B772428CA2000234EF0 /* Release */ = {
			isa = XCBuildConfiguration;
			buildSettings = {
				ALWAYS_SEARCH_USER_PATHS = NO;
				CLANG_ANALYZER_NONNULL = YES;
				CLANG_ANALYZER_NUMBER_OBJECT_CONVERSION = YES_AGGRESSIVE;
				CLANG_CXX_LANGUAGE_STANDARD = "gnu++14";
				CLANG_CXX_LIBRARY = "libc++";
				CLANG_ENABLE_MODULES = YES;
				CLANG_ENABLE_OBJC_ARC = YES;
				CLANG_ENABLE_OBJC_WEAK = YES;
				CLANG_WARN_BLOCK_CAPTURE_AUTORELEASING = YES;
				CLANG_WARN_BOOL_CONVERSION = YES;
				CLANG_WARN_COMMA = YES;
				CLANG_WARN_CONSTANT_CONVERSION = YES;
				CLANG_WARN_DEPRECATED_OBJC_IMPLEMENTATIONS = YES;
				CLANG_WARN_DIRECT_OBJC_ISA_USAGE = YES_ERROR;
				CLANG_WARN_DOCUMENTATION_COMMENTS = YES;
				CLANG_WARN_EMPTY_BODY = YES;
				CLANG_WARN_ENUM_CONVERSION = YES;
				CLANG_WARN_INFINITE_RECURSION = YES;
				CLANG_WARN_INT_CONVERSION = YES;
				CLANG_WARN_NON_LITERAL_NULL_CONVERSION = YES;
				CLANG_WARN_OBJC_IMPLICIT_RETAIN_SELF = YES;
				CLANG_WARN_OBJC_LITERAL_CONVERSION = YES;
				CLANG_WARN_OBJC_ROOT_CLASS = YES_ERROR;
				CLANG_WARN_RANGE_LOOP_ANALYSIS = YES;
				CLANG_WARN_STRICT_PROTOTYPES = YES;
				CLANG_WARN_SUSPICIOUS_MOVE = YES;
				CLANG_WARN_UNGUARDED_AVAILABILITY = YES_AGGRESSIVE;
				CLANG_WARN_UNREACHABLE_CODE = YES;
				CLANG_WARN__DUPLICATE_METHOD_MATCH = YES;
				COPY_PHASE_STRIP = NO;
				DEBUG_INFORMATION_FORMAT = "dwarf-with-dsym";
				ENABLE_NS_ASSERTIONS = NO;
				ENABLE_STRICT_OBJC_MSGSEND = YES;
				GCC_C_LANGUAGE_STANDARD = gnu11;
				GCC_NO_COMMON_BLOCKS = YES;
				GCC_WARN_64_TO_32_BIT_CONVERSION = YES;
				GCC_WARN_ABOUT_RETURN_TYPE = YES_ERROR;
				GCC_WARN_UNDECLARED_SELECTOR = YES;
				GCC_WARN_UNINITIALIZED_AUTOS = YES_AGGRESSIVE;
				GCC_WARN_UNUSED_FUNCTION = YES;
				GCC_WARN_UNUSED_VARIABLE = YES;
				IPHONEOS_DEPLOYMENT_TARGET = 13.2;
				MTL_ENABLE_DEBUG_INFO = NO;
				MTL_FAST_MATH = YES;
				SDKROOT = iphoneos;
				VALIDATE_PRODUCT = YES;
			};
			name = Release;
		};
		EF621B792428CA2000234EF0 /* Debug */ = {
			isa = XCBuildConfiguration;
			buildSettings = {
				ASSETCATALOG_COMPILER_APPICON_NAME = AppIcon;
				CODE_SIGN_STYLE = Automatic;
				INFOPLIST_FILE = "18 UIView/Info.plist";
				LD_RUNPATH_SEARCH_PATHS = (
					"$(inherited)",
					"@executable_path/Frameworks",
				);
				PRODUCT_BUNDLE_IDENTIFIER = "com.-8-UIView";
				PRODUCT_NAME = "$(TARGET_NAME)";
				TARGETED_DEVICE_FAMILY = "1,2";
			};
			name = Debug;
		};
		EF621B7A2428CA2000234EF0 /* Release */ = {
			isa = XCBuildConfiguration;
			buildSettings = {
				ASSETCATALOG_COMPILER_APPICON_NAME = AppIcon;
				CODE_SIGN_STYLE = Automatic;
				INFOPLIST_FILE = "18 UIView/Info.plist";
				LD_RUNPATH_SEARCH_PATHS = (
					"$(inherited)",
					"@executable_path/Frameworks",
				);
				PRODUCT_BUNDLE_IDENTIFIER = "com.-8-UIView";
				PRODUCT_NAME = "$(TARGET_NAME)";
				TARGETED_DEVICE_FAMILY = "1,2";
			};
			name = Release;
		};
/* End XCBuildConfiguration section */

/* Begin XCConfigurationList section */
		EF621B5A2428CA1F00234EF0 /* Build configuration list for PBXProject "18 UIView" */ = {
			isa = XCConfigurationList;
			buildConfigurations = (
				EF621B762428CA2000234EF0 /* Debug */,
				EF621B772428CA2000234EF0 /* Release */,
			);
			defaultConfigurationIsVisible = 0;
			defaultConfigurationName = Release;
		};
		EF621B782428CA2000234EF0 /* Build configuration list for PBXNativeTarget "18 UIView" */ = {
			isa = XCConfigurationList;
			buildConfigurations = (
				EF621B792428CA2000234EF0 /* Debug */,
				EF621B7A2428CA2000234EF0 /* Release */,
			);
			defaultConfigurationIsVisible = 0;
			defaultConfigurationName = Release;
		};
/* End XCConfigurationList section */
	};
	rootObject = EF621B572428CA1F00234EF0 /* Project object */;
}
