// !$*UTF8*$!
{
	archiveVersion = 1;
	classes = {
	};
	objectVersion = 50;
	objects = {

/* Begin PBXBuildFile section */
		EF23FB6C24251380002CC10A /* AppDelegate.m in Sources */ = {isa = PBXBuildFile; fileRef = EF23FB6B24251380002CC10A /* AppDelegate.m */; };
		EF23FB6F24251380002CC10A /* SceneDelegate.m in Sources */ = {isa = PBXBuildFile; fileRef = EF23FB6E24251380002CC10A /* SceneDelegate.m */; };
		EF23FB7224251380002CC10A /* ViewController.m in Sources */ = {isa = PBXBuildFile; fileRef = EF23FB7124251380002CC10A /* ViewController.m */; };
		EF23FB7524251380002CC10A /* Main.storyboard in Resources */ = {isa = PBXBuildFile; fileRef = EF23FB7324251380002CC10A /* Main.storyboard */; };
		EF23FB7724251381002CC10A /* Assets.xcassets in Resources */ = {isa = PBXBuildFile; fileRef = EF23FB7624251381002CC10A /* Assets.xcassets */; };
		EF23FB7A24251381002CC10A /* LaunchScreen.storyboard in Resources */ = {isa = PBXBuildFile; fileRef = EF23FB7824251381002CC10A /* LaunchScreen.storyboard */; };
		EF23FB7D24251381002CC10A /* main.m in Sources */ = {isa = PBXBuildFile; fileRef = EF23FB7C24251381002CC10A /* main.m */; };
		EF23FB842425139B002CC10A /* Student.m in Sources */ = {isa = PBXBuildFile; fileRef = EF23FB832425139B002CC10A /* Student.m */; };
/* End PBXBuildFile section */

/* Begin PBXFileReference section */
		EF23FB6724251380002CC10A /* 16 NSDate.app */ = {isa = PBXFileReference; explicitFileType = wrapper.application; includeInIndex = 0; path = "16 NSDate.app"; sourceTree = BUILT_PRODUCTS_DIR; };
		EF23FB6A24251380002CC10A /* AppDelegate.h */ = {isa = PBXFileReference; lastKnownFileType = sourcecode.c.h; path = AppDelegate.h; sourceTree = "<group>"; };
		EF23FB6B24251380002CC10A /* AppDelegate.m */ = {isa = PBXFileReference; lastKnownFileType = sourcecode.c.objc; path = AppDelegate.m; sourceTree = "<group>"; };
		EF23FB6D24251380002CC10A /* SceneDelegate.h */ = {isa = PBXFileReference; lastKnownFileType = sourcecode.c.h; path = SceneDelegate.h; sourceTree = "<group>"; };
		EF23FB6E24251380002CC10A /* SceneDelegate.m */ = {isa = PBXFileReference; lastKnownFileType = sourcecode.c.objc; path = SceneDelegate.m; sourceTree = "<group>"; };
		EF23FB7024251380002CC10A /* ViewController.h */ = {isa = PBXFileReference; lastKnownFileType = sourcecode.c.h; path = ViewController.h; sourceTree = "<group>"; };
		EF23FB7124251380002CC10A /* ViewController.m */ = {isa = PBXFileReference; lastKnownFileType = sourcecode.c.objc; path = ViewController.m; sourceTree = "<group>"; };
		EF23FB7424251380002CC10A /* Base */ = {isa = PBXFileReference; lastKnownFileType = file.storyboard; name = Base; path = Base.lproj/Main.storyboard; sourceTree = "<group>"; };
		EF23FB7624251381002CC10A /* Assets.xcassets */ = {isa = PBXFileReference; lastKnownFileType = folder.assetcatalog; path = Assets.xcassets; sourceTree = "<group>"; };
		EF23FB7924251381002CC10A /* Base */ = {isa = PBXFileReference; lastKnownFileType = file.storyboard; name = Base; path = Base.lproj/LaunchScreen.storyboard; sourceTree = "<group>"; };
		EF23FB7B24251381002CC10A /* Info.plist */ = {isa = PBXFileReference; lastKnownFileType = text.plist.xml; path = Info.plist; sourceTree = "<group>"; };
		EF23FB7C24251381002CC10A /* main.m */ = {isa = PBXFileReference; lastKnownFileType = sourcecode.c.objc; path = main.m; sourceTree = "<group>"; };
		EF23FB832425139B002CC10A /* Student.m */ = {isa = PBXFileReference; lastKnownFileType = sourcecode.c.objc; path = Student.m; sourceTree = "<group>"; };
		EF23FB85242513A7002CC10A /* Student.h */ = {isa = PBXFileReference; lastKnownFileType = sourcecode.c.h; path = Student.h; sourceTree = "<group>"; };
/* End PBXFileReference section */

/* Begin PBXFrameworksBuildPhase section */
		EF23FB6424251380002CC10A /* Frameworks */ = {
			isa = PBXFrameworksBuildPhase;
			buildActionMask = 2147483647;
			files = (
			);
			runOnlyForDeploymentPostprocessing = 0;
		};
/* End PBXFrameworksBuildPhase section */

/* Begin PBXGroup section */
		EF23FB5E24251380002CC10A = {
			isa = PBXGroup;
			children = (
				EF23FB6924251380002CC10A /* 16 NSDate */,
				EF23FB6824251380002CC10A /* Products */,
			);
			sourceTree = "<group>";
		};
		EF23FB6824251380002CC10A /* Products */ = {
			isa = PBXGroup;
			children = (
				EF23FB6724251380002CC10A /* 16 NSDate.app */,
			);
			name = Products;
			sourceTree = "<group>";
		};
		EF23FB6924251380002CC10A /* 16 NSDate */ = {
			isa = PBXGroup;
			children = (
				EF23FB832425139B002CC10A /* Student.m */,
				EF23FB85242513A7002CC10A /* Student.h */,
				EF23FB6A24251380002CC10A /* AppDelegate.h */,
				EF23FB6B24251380002CC10A /* AppDelegate.m */,
				EF23FB6D24251380002CC10A /* SceneDelegate.h */,
				EF23FB6E24251380002CC10A /* SceneDelegate.m */,
				EF23FB7024251380002CC10A /* ViewController.h */,
				EF23FB7124251380002CC10A /* ViewController.m */,
				EF23FB7324251380002CC10A /* Main.storyboard */,
				EF23FB7624251381002CC10A /* Assets.xcassets */,
				EF23FB7824251381002CC10A /* LaunchScreen.storyboard */,
				EF23FB7B24251381002CC10A /* Info.plist */,
				EF23FB7C24251381002CC10A /* main.m */,
			);
			path = "16 NSDate";
			sourceTree = "<group>";
		};
/* End PBXGroup section */

/* Begin PBXNativeTarget section */
		EF23FB6624251380002CC10A /* 16 NSDate */ = {
			isa = PBXNativeTarget;
			buildConfigurationList = EF23FB8024251381002CC10A /* Build configuration list for PBXNativeTarget "16 NSDate" */;
			buildPhases = (
				EF23FB6324251380002CC10A /* Sources */,
				EF23FB6424251380002CC10A /* Frameworks */,
				EF23FB6524251380002CC10A /* Resources */,
			);
			buildRules = (
			);
			dependencies = (
			);
			name = "16 NSDate";
			productName = "16 NSDate";
			productReference = EF23FB6724251380002CC10A /* 16 NSDate.app */;
			productType = "com.apple.product-type.application";
		};
/* End PBXNativeTarget section */

/* Begin PBXProject section */
		EF23FB5F24251380002CC10A /* Project object */ = {
			isa = PBXProject;
			attributes = {
				LastUpgradeCheck = 1130;
				ORGANIZATIONNAME = user167101;
				TargetAttributes = {
					EF23FB6624251380002CC10A = {
						CreatedOnToolsVersion = 11.3.1;
					};
				};
			};
			buildConfigurationList = EF23FB6224251380002CC10A /* Build configuration list for PBXProject "16 NSDate" */;
			compatibilityVersion = "Xcode 9.3";
			developmentRegion = en;
			hasScannedForEncodings = 0;
			knownRegions = (
				en,
				Base,
			);
			mainGroup = EF23FB5E24251380002CC10A;
			productRefGroup = EF23FB6824251380002CC10A /* Products */;
			projectDirPath = "";
			projectRoot = "";
			targets = (
				EF23FB6624251380002CC10A /* 16 NSDate */,
			);
		};
/* End PBXProject section */

/* Begin PBXResourcesBuildPhase section */
		EF23FB6524251380002CC10A /* Resources */ = {
			isa = PBXResourcesBuildPhase;
			buildActionMask = 2147483647;
			files = (
				EF23FB7A24251381002CC10A /* LaunchScreen.storyboard in Resources */,
				EF23FB7724251381002CC10A /* Assets.xcassets in Resources */,
				EF23FB7524251380002CC10A /* Main.storyboard in Resources */,
			);
			runOnlyForDeploymentPostprocessing = 0;
		};
/* End PBXResourcesBuildPhase section */

/* Begin PBXSourcesBuildPhase section */
		EF23FB6324251380002CC10A /* Sources */ = {
			isa = PBXSourcesBuildPhase;
			buildActionMask = 2147483647;
			files = (
				EF23FB7224251380002CC10A /* ViewController.m in Sources */,
				EF23FB6C24251380002CC10A /* AppDelegate.m in Sources */,
				EF23FB842425139B002CC10A /* Student.m in Sources */,
				EF23FB7D24251381002CC10A /* main.m in Sources */,
				EF23FB6F24251380002CC10A /* SceneDelegate.m in Sources */,
			);
			runOnlyForDeploymentPostprocessing = 0;
		};
/* End PBXSourcesBuildPhase section */

/* Begin PBXVariantGroup section */
		EF23FB7324251380002CC10A /* Main.storyboard */ = {
			isa = PBXVariantGroup;
			children = (
				EF23FB7424251380002CC10A /* Base */,
			);
			name = Main.storyboard;
			sourceTree = "<group>";
		};
		EF23FB7824251381002CC10A /* LaunchScreen.storyboard */ = {
			isa = PBXVariantGroup;
			children = (
				EF23FB7924251381002CC10A /* Base */,
			);
			name = LaunchScreen.storyboard;
			sourceTree = "<group>";
		};
/* End PBXVariantGroup section */

/* Begin XCBuildConfiguration section */
		EF23FB7E24251381002CC10A /* Debug */ = {
			isa = XCBuildConfiguration;
			buildSettings = {
				ALWAYS_SEARCH_USER_PATHS = NO;
				CLANG_ANALYZER_NONNULL = YES;
				CLANG_ANALYZER_NUMBER_OBJECT_CONVERSION = YES_AGGRESSIVE;
				CLANG_CXX_LANGUAGE_STANDARD = "gnu++14";
				CLANG_CXX_LIBRARY = "libc++";
				CLANG_ENABLE_MODULES = YES;
				CLANG_ENABLE_OBJC_ARC = YES;
				CLANG_ENABLE_OBJC_WEAK = YES;
				CLANG_WARN_BLOCK_CAPTURE_AUTORELEASING = YES;
				CLANG_WARN_BOOL_CONVERSION = YES;
				CLANG_WARN_COMMA = YES;
				CLANG_WARN_CONSTANT_CONVERSION = YES;
				CLANG_WARN_DEPRECATED_OBJC_IMPLEMENTATIONS = YES;
				CLANG_WARN_DIRECT_OBJC_ISA_USAGE = YES_ERROR;
				CLANG_WARN_DOCUMENTATION_COMMENTS = YES;
				CLANG_WARN_EMPTY_BODY = YES;
				CLANG_WARN_ENUM_CONVERSION = YES;
				CLANG_WARN_INFINITE_RECURSION = YES;
				CLANG_WARN_INT_CONVERSION = YES;
				CLANG_WARN_NON_LITERAL_NULL_CONVERSION = YES;
				CLANG_WARN_OBJC_IMPLICIT_RETAIN_SELF = YES;
				CLANG_WARN_OBJC_LITERAL_CONVERSION = YES;
				CLANG_WARN_OBJC_ROOT_CLASS = YES_ERROR;
				CLANG_WARN_RANGE_LOOP_ANALYSIS = YES;
				CLANG_WARN_STRICT_PROTOTYPES = YES;
				CLANG_WARN_SUSPICIOUS_MOVE = YES;
				CLANG_WARN_UNGUARDED_AVAILABILITY = YES_AGGRESSIVE;
				CLANG_WARN_UNREACHABLE_CODE = YES;
				CLANG_WARN__DUPLICATE_METHOD_MATCH = YES;
				COPY_PHASE_STRIP = NO;
				DEBUG_INFORMATION_FORMAT = dwarf;
				ENABLE_STRICT_OBJC_MSGSEND = YES;
				ENABLE_TESTABILITY = YES;
				GCC_C_LANGUAGE_STANDARD = gnu11;
				GCC_DYNAMIC_NO_PIC = NO;
				GCC_NO_COMMON_BLOCKS = YES;
				GCC_OPTIMIZATION_LEVEL = 0;
				GCC_PREPROCESSOR_DEFINITIONS = (
					"DEBUG=1",
					"$(inherited)",
				);
				GCC_WARN_64_TO_32_BIT_CONVERSION = YES;
				GCC_WARN_ABOUT_RETURN_TYPE = YES_ERROR;
				GCC_WARN_UNDECLARED_SELECTOR = YES;
				GCC_WARN_UNINITIALIZED_AUTOS = YES_AGGRESSIVE;
				GCC_WARN_UNUSED_FUNCTION = YES;
				GCC_WARN_UNUSED_VARIABLE = YES;
				IPHONEOS_DEPLOYMENT_TARGET = 13.2;
				MTL_ENABLE_DEBUG_INFO = INCLUDE_SOURCE;
				MTL_FAST_MATH = YES;
				ONLY_ACTIVE_ARCH = YES;
				SDKROOT = iphoneos;
			};
			name = Debug;
		};
		EF23FB7F24251381002CC10A /* Release */ = {
			isa = XCBuildConfiguration;
			buildSettings = {
				ALWAYS_SEARCH_USER_PATHS = NO;
				CLANG_ANALYZER_NONNULL = YES;
				CLANG_ANALYZER_NUMBER_OBJECT_CONVERSION = YES_AGGRESSIVE;
				CLANG_CXX_LANGUAGE_STANDARD = "gnu++14";
				CLANG_CXX_LIBRARY = "libc++";
				CLANG_ENABLE_MODULES = YES;
				CLANG_ENABLE_OBJC_ARC = YES;
				CLANG_ENABLE_OBJC_WEAK = YES;
				CLANG_WARN_BLOCK_CAPTURE_AUTORELEASING = YES;
				CLANG_WARN_BOOL_CONVERSION = YES;
				CLANG_WARN_COMMA = YES;
				CLANG_WARN_CONSTANT_CONVERSION = YES;
				CLANG_WARN_DEPRECATED_OBJC_IMPLEMENTATIONS = YES;
				CLANG_WARN_DIRECT_OBJC_ISA_USAGE = YES_ERROR;
				CLANG_WARN_DOCUMENTATION_COMMENTS = YES;
				CLANG_WARN_EMPTY_BODY = YES;
				CLANG_WARN_ENUM_CONVERSION = YES;
				CLANG_WARN_INFINITE_RECURSION = YES;
				CLANG_WARN_INT_CONVERSION = YES;
				CLANG_WARN_NON_LITERAL_NULL_CONVERSION = YES;
				CLANG_WARN_OBJC_IMPLICIT_RETAIN_SELF = YES;
				CLANG_WARN_OBJC_LITERAL_CONVERSION = YES;
				CLANG_WARN_OBJC_ROOT_CLASS = YES_ERROR;
				CLANG_WARN_RANGE_LOOP_ANALYSIS = YES;
				CLANG_WARN_STRICT_PROTOTYPES = YES;
				CLANG_WARN_SUSPICIOUS_MOVE = YES;
				CLANG_WARN_UNGUARDED_AVAILABILITY = YES_AGGRESSIVE;
				CLANG_WARN_UNREACHABLE_CODE = YES;
				CLANG_WARN__DUPLICATE_METHOD_MATCH = YES;
				COPY_PHASE_STRIP = NO;
				DEBUG_INFORMATION_FORMAT = "dwarf-with-dsym";
				ENABLE_NS_ASSERTIONS = NO;
				ENABLE_STRICT_OBJC_MSGSEND = YES;
				GCC_C_LANGUAGE_STANDARD = gnu11;
				GCC_NO_COMMON_BLOCKS = YES;
				GCC_WARN_64_TO_32_BIT_CONVERSION = YES;
				GCC_WARN_ABOUT_RETURN_TYPE = YES_ERROR;
				GCC_WARN_UNDECLARED_SELECTOR = YES;
				GCC_WARN_UNINITIALIZED_AUTOS = YES_AGGRESSIVE;
				GCC_WARN_UNUSED_FUNCTION = YES;
				GCC_WARN_UNUSED_VARIABLE = YES;
				IPHONEOS_DEPLOYMENT_TARGET = 13.2;
				MTL_ENABLE_DEBUG_INFO = NO;
				MTL_FAST_MATH = YES;
				SDKROOT = iphoneos;
				VALIDATE_PRODUCT = YES;
			};
			name = Release;
		};
		EF23FB8124251381002CC10A /* Debug */ = {
			isa = XCBuildConfiguration;
			buildSettings = {
				ASSETCATALOG_COMPILER_APPICON_NAME = AppIcon;
				CODE_SIGN_STYLE = Automatic;
				INFOPLIST_FILE = "16 NSDate/Info.plist";
				LD_RUNPATH_SEARCH_PATHS = (
					"$(inherited)",
					"@executable_path/Frameworks",
				);
				PRODUCT_BUNDLE_IDENTIFIER = "com.-6-NSDate";
				PRODUCT_NAME = "$(TARGET_NAME)";
				TARGETED_DEVICE_FAMILY = "1,2";
			};
			name = Debug;
		};
		EF23FB8224251381002CC10A /* Release */ = {
			isa = XCBuildConfiguration;
			buildSettings = {
				ASSETCATALOG_COMPILER_APPICON_NAME = AppIcon;
				CODE_SIGN_STYLE = Automatic;
				INFOPLIST_FILE = "16 NSDate/Info.plist";
				LD_RUNPATH_SEARCH_PATHS = (
					"$(inherited)",
					"@executable_path/Frameworks",
				);
				PRODUCT_BUNDLE_IDENTIFIER = "com.-6-NSDate";
				PRODUCT_NAME = "$(TARGET_NAME)";
				TARGETED_DEVICE_FAMILY = "1,2";
			};
			name = Release;
		};
/* End XCBuildConfiguration section */

/* Begin XCConfigurationList section */
		EF23FB6224251380002CC10A /* Build configuration list for PBXProject "16 NSDate" */ = {
			isa = XCConfigurationList;
			buildConfigurations = (
				EF23FB7E24251381002CC10A /* Debug */,
				EF23FB7F24251381002CC10A /* Release */,
			);
			defaultConfigurationIsVisible = 0;
			defaultConfigurationName = Release;
		};
		EF23FB8024251381002CC10A /* Build configuration list for PBXNativeTarget "16 NSDate" */ = {
			isa = XCConfigurationList;
			buildConfigurations = (
				EF23FB8124251381002CC10A /* Debug */,
				EF23FB8224251381002CC10A /* Release */,
			);
			defaultConfigurationIsVisible = 0;
			defaultConfigurationName = Release;
		};
/* End XCConfigurationList section */
	};
	rootObject = EF23FB5F24251380002CC10A /* Project object */;
}
