// !$*UTF8*$!
{
	archiveVersion = 1;
	classes = {
	};
	objectVersion = 50;
	objects = {

/* Begin PBXBuildFile section */
		EFB1C3652422473B00891E90 /* AppDelegate.m in Sources */ = {isa = PBXBuildFile; fileRef = EFB1C3642422473B00891E90 /* AppDelegate.m */; };
		EFB1C3682422473B00891E90 /* SceneDelegate.m in Sources */ = {isa = PBXBuildFile; fileRef = EFB1C3672422473B00891E90 /* SceneDelegate.m */; };
		EFB1C36B2422473B00891E90 /* ViewController.m in Sources */ = {isa = PBXBuildFile; fileRef = EFB1C36A2422473B00891E90 /* ViewController.m */; };
		EFB1C36E2422473B00891E90 /* Main.storyboard in Resources */ = {isa = PBXBuildFile; fileRef = EFB1C36C2422473B00891E90 /* Main.storyboard */; };
		EFB1C3702422473C00891E90 /* Assets.xcassets in Resources */ = {isa = PBXBuildFile; fileRef = EFB1C36F2422473C00891E90 /* Assets.xcassets */; };
		EFB1C3732422473C00891E90 /* LaunchScreen.storyboard in Resources */ = {isa = PBXBuildFile; fileRef = EFB1C3712422473C00891E90 /* LaunchScreen.storyboard */; };
		EFB1C3762422473C00891E90 /* main.m in Sources */ = {isa = PBXBuildFile; fileRef = EFB1C3752422473C00891E90 /* main.m */; };
		EFB1C37E2422639500891E90 /* Student.m in Sources */ = {isa = PBXBuildFile; fileRef = EFB1C37D2422639500891E90 /* Student.m */; };
		EFE96DE92423765B00C11482 /* Friend.m in Sources */ = {isa = PBXBuildFile; fileRef = EFE96DE32423765B00C11482 /* Friend.m */; };
		EFE96DEA2423765B00C11482 /* Patient.m in Sources */ = {isa = PBXBuildFile; fileRef = EFE96DE42423765B00C11482 /* Patient.m */; };
		EFE96DEB2423765B00C11482 /* Doctor.m in Sources */ = {isa = PBXBuildFile; fileRef = EFE96DE62423765B00C11482 /* Doctor.m */; };
/* End PBXBuildFile section */

/* Begin PBXFileReference section */
		EFB1C3602422473B00891E90 /* 12 Block.app */ = {isa = PBXFileReference; explicitFileType = wrapper.application; includeInIndex = 0; path = "12 Block.app"; sourceTree = BUILT_PRODUCTS_DIR; };
		EFB1C3632422473B00891E90 /* AppDelegate.h */ = {isa = PBXFileReference; lastKnownFileType = sourcecode.c.h; path = AppDelegate.h; sourceTree = "<group>"; };
		EFB1C3642422473B00891E90 /* AppDelegate.m */ = {isa = PBXFileReference; lastKnownFileType = sourcecode.c.objc; path = AppDelegate.m; sourceTree = "<group>"; };
		EFB1C3662422473B00891E90 /* SceneDelegate.h */ = {isa = PBXFileReference; lastKnownFileType = sourcecode.c.h; path = SceneDelegate.h; sourceTree = "<group>"; };
		EFB1C3672422473B00891E90 /* SceneDelegate.m */ = {isa = PBXFileReference; lastKnownFileType = sourcecode.c.objc; path = SceneDelegate.m; sourceTree = "<group>"; };
		EFB1C3692422473B00891E90 /* ViewController.h */ = {isa = PBXFileReference; lastKnownFileType = sourcecode.c.h; path = ViewController.h; sourceTree = "<group>"; };
		EFB1C36A2422473B00891E90 /* ViewController.m */ = {isa = PBXFileReference; lastKnownFileType = sourcecode.c.objc; path = ViewController.m; sourceTree = "<group>"; };
		EFB1C36D2422473B00891E90 /* Base */ = {isa = PBXFileReference; lastKnownFileType = file.storyboard; name = Base; path = Base.lproj/Main.storyboard; sourceTree = "<group>"; };
		EFB1C36F2422473C00891E90 /* Assets.xcassets */ = {isa = PBXFileReference; lastKnownFileType = folder.assetcatalog; path = Assets.xcassets; sourceTree = "<group>"; };
		EFB1C3722422473C00891E90 /* Base */ = {isa = PBXFileReference; lastKnownFileType = file.storyboard; name = Base; path = Base.lproj/LaunchScreen.storyboard; sourceTree = "<group>"; };
		EFB1C3742422473C00891E90 /* Info.plist */ = {isa = PBXFileReference; lastKnownFileType = text.plist.xml; path = Info.plist; sourceTree = "<group>"; };
		EFB1C3752422473C00891E90 /* main.m */ = {isa = PBXFileReference; lastKnownFileType = sourcecode.c.objc; path = main.m; sourceTree = "<group>"; };
		EFB1C37D2422639500891E90 /* Student.m */ = {isa = PBXFileReference; lastKnownFileType = sourcecode.c.objc; path = Student.m; sourceTree = "<group>"; };
		EFB1C37F2422647B00891E90 /* Student.h */ = {isa = PBXFileReference; lastKnownFileType = sourcecode.c.h; path = Student.h; sourceTree = "<group>"; };
		EFE96DE32423765B00C11482 /* Friend.m */ = {isa = PBXFileReference; fileEncoding = 4; lastKnownFileType = sourcecode.c.objc; path = Friend.m; sourceTree = "<group>"; };
		EFE96DE42423765B00C11482 /* Patient.m */ = {isa = PBXFileReference; fileEncoding = 4; lastKnownFileType = sourcecode.c.objc; path = Patient.m; sourceTree = "<group>"; };
		EFE96DE52423765B00C11482 /* Doctor.h */ = {isa = PBXFileReference; fileEncoding = 4; lastKnownFileType = sourcecode.c.h; path = Doctor.h; sourceTree = "<group>"; };
		EFE96DE62423765B00C11482 /* Doctor.m */ = {isa = PBXFileReference; fileEncoding = 4; lastKnownFileType = sourcecode.c.objc; path = Doctor.m; sourceTree = "<group>"; };
		EFE96DE72423765B00C11482 /* Friend.h */ = {isa = PBXFileReference; fileEncoding = 4; lastKnownFileType = sourcecode.c.h; path = Friend.h; sourceTree = "<group>"; };
		EFE96DE82423765B00C11482 /* Patient.h */ = {isa = PBXFileReference; fileEncoding = 4; lastKnownFileType = sourcecode.c.h; path = Patient.h; sourceTree = "<group>"; };
/* End PBXFileReference section */

/* Begin PBXFrameworksBuildPhase section */
		EFB1C35D2422473B00891E90 /* Frameworks */ = {
			isa = PBXFrameworksBuildPhase;
			buildActionMask = 2147483647;
			files = (
			);
			runOnlyForDeploymentPostprocessing = 0;
		};
/* End PBXFrameworksBuildPhase section */

/* Begin PBXGroup section */
		EFB1C3572422473B00891E90 = {
			isa = PBXGroup;
			children = (
				EFB1C3622422473B00891E90 /* 12 Block */,
				EFB1C3612422473B00891E90 /* Products */,
			);
			sourceTree = "<group>";
		};
		EFB1C3612422473B00891E90 /* Products */ = {
			isa = PBXGroup;
			children = (
				EFB1C3602422473B00891E90 /* 12 Block.app */,
			);
			name = Products;
			sourceTree = "<group>";
		};
		EFB1C3622422473B00891E90 /* 12 Block */ = {
			isa = PBXGroup;
			children = (
				EFB1C37C2422638500891E90 /* Classes */,
				EFB1C3632422473B00891E90 /* AppDelegate.h */,
				EFB1C3642422473B00891E90 /* AppDelegate.m */,
				EFB1C3662422473B00891E90 /* SceneDelegate.h */,
				EFB1C3672422473B00891E90 /* SceneDelegate.m */,
				EFB1C3692422473B00891E90 /* ViewController.h */,
				EFB1C36A2422473B00891E90 /* ViewController.m */,
				EFB1C36C2422473B00891E90 /* Main.storyboard */,
				EFB1C36F2422473C00891E90 /* Assets.xcassets */,
				EFB1C3712422473C00891E90 /* LaunchScreen.storyboard */,
				EFB1C3742422473C00891E90 /* Info.plist */,
				EFB1C3752422473C00891E90 /* main.m */,
			);
			path = "12 Block";
			sourceTree = "<group>";
		};
		EFB1C37C2422638500891E90 /* Classes */ = {
			isa = PBXGroup;
			children = (
				EFE96DE52423765B00C11482 /* Doctor.h */,
				EFE96DE62423765B00C11482 /* Doctor.m */,
				EFE96DE72423765B00C11482 /* Friend.h */,
				EFE96DE32423765B00C11482 /* Friend.m */,
				EFE96DE82423765B00C11482 /* Patient.h */,
				EFE96DE42423765B00C11482 /* Patient.m */,
				EFB1C37F2422647B00891E90 /* Student.h */,
				EFB1C37D2422639500891E90 /* Student.m */,
			);
			path = Classes;
			sourceTree = "<group>";
		};
/* End PBXGroup section */

/* Begin PBXNativeTarget section */
		EFB1C35F2422473B00891E90 /* 12 Block */ = {
			isa = PBXNativeTarget;
			buildConfigurationList = EFB1C3792422473C00891E90 /* Build configuration list for PBXNativeTarget "12 Block" */;
			buildPhases = (
				EFB1C35C2422473B00891E90 /* Sources */,
				EFB1C35D2422473B00891E90 /* Frameworks */,
				EFB1C35E2422473B00891E90 /* Resources */,
			);
			buildRules = (
			);
			dependencies = (
			);
			name = "12 Block";
			productName = "12 Block";
			productReference = EFB1C3602422473B00891E90 /* 12 Block.app */;
			productType = "com.apple.product-type.application";
		};
/* End PBXNativeTarget section */

/* Begin PBXProject section */
		EFB1C3582422473B00891E90 /* Project object */ = {
			isa = PBXProject;
			attributes = {
				LastUpgradeCheck = 1130;
				ORGANIZATIONNAME = user167101;
				TargetAttributes = {
					EFB1C35F2422473B00891E90 = {
						CreatedOnToolsVersion = 11.3.1;
					};
				};
			};
			buildConfigurationList = EFB1C35B2422473B00891E90 /* Build configuration list for PBXProject "12 Block" */;
			compatibilityVersion = "Xcode 9.3";
			developmentRegion = en;
			hasScannedForEncodings = 0;
			knownRegions = (
				en,
				Base,
			);
			mainGroup = EFB1C3572422473B00891E90;
			productRefGroup = EFB1C3612422473B00891E90 /* Products */;
			projectDirPath = "";
			projectRoot = "";
			targets = (
				EFB1C35F2422473B00891E90 /* 12 Block */,
			);
		};
/* End PBXProject section */

/* Begin PBXResourcesBuildPhase section */
		EFB1C35E2422473B00891E90 /* Resources */ = {
			isa = PBXResourcesBuildPhase;
			buildActionMask = 2147483647;
			files = (
				EFB1C3732422473C00891E90 /* LaunchScreen.storyboard in Resources */,
				EFB1C3702422473C00891E90 /* Assets.xcassets in Resources */,
				EFB1C36E2422473B00891E90 /* Main.storyboard in Resources */,
			);
			runOnlyForDeploymentPostprocessing = 0;
		};
/* End PBXResourcesBuildPhase section */

/* Begin PBXSourcesBuildPhase section */
		EFB1C35C2422473B00891E90 /* Sources */ = {
			isa = PBXSourcesBuildPhase;
			buildActionMask = 2147483647;
			files = (
				EFB1C36B2422473B00891E90 /* ViewController.m in Sources */,
				EFB1C3652422473B00891E90 /* AppDelegate.m in Sources */,
				EFE96DEA2423765B00C11482 /* Patient.m in Sources */,
				EFB1C37E2422639500891E90 /* Student.m in Sources */,
				EFE96DE92423765B00C11482 /* Friend.m in Sources */,
				EFB1C3762422473C00891E90 /* main.m in Sources */,
				EFE96DEB2423765B00C11482 /* Doctor.m in Sources */,
				EFB1C3682422473B00891E90 /* SceneDelegate.m in Sources */,
			);
			runOnlyForDeploymentPostprocessing = 0;
		};
/* End PBXSourcesBuildPhase section */

/* Begin PBXVariantGroup section */
		EFB1C36C2422473B00891E90 /* Main.storyboard */ = {
			isa = PBXVariantGroup;
			children = (
				EFB1C36D2422473B00891E90 /* Base */,
			);
			name = Main.storyboard;
			sourceTree = "<group>";
		};
		EFB1C3712422473C00891E90 /* LaunchScreen.storyboard */ = {
			isa = PBXVariantGroup;
			children = (
				EFB1C3722422473C00891E90 /* Base */,
			);
			name = LaunchScreen.storyboard;
			sourceTree = "<group>";
		};
/* End PBXVariantGroup section */

/* Begin XCBuildConfiguration section */
		EFB1C3772422473C00891E90 /* Debug */ = {
			isa = XCBuildConfiguration;
			buildSettings = {
				ALWAYS_SEARCH_USER_PATHS = NO;
				CLANG_ANALYZER_NONNULL = YES;
				CLANG_ANALYZER_NUMBER_OBJECT_CONVERSION = YES_AGGRESSIVE;
				CLANG_CXX_LANGUAGE_STANDARD = "gnu++14";
				CLANG_CXX_LIBRARY = "libc++";
				CLANG_ENABLE_MODULES = YES;
				CLANG_ENABLE_OBJC_ARC = YES;
				CLANG_ENABLE_OBJC_WEAK = YES;
				CLANG_WARN_BLOCK_CAPTURE_AUTORELEASING = YES;
				CLANG_WARN_BOOL_CONVERSION = YES;
				CLANG_WARN_COMMA = YES;
				CLANG_WARN_CONSTANT_CONVERSION = YES;
				CLANG_WARN_DEPRECATED_OBJC_IMPLEMENTATIONS = YES;
				CLANG_WARN_DIRECT_OBJC_ISA_USAGE = YES_ERROR;
				CLANG_WARN_DOCUMENTATION_COMMENTS = YES;
				CLANG_WARN_EMPTY_BODY = YES;
				CLANG_WARN_ENUM_CONVERSION = YES;
				CLANG_WARN_INFINITE_RECURSION = YES;
				CLANG_WARN_INT_CONVERSION = YES;
				CLANG_WARN_NON_LITERAL_NULL_CONVERSION = YES;
				CLANG_WARN_OBJC_IMPLICIT_RETAIN_SELF = YES;
				CLANG_WARN_OBJC_LITERAL_CONVERSION = YES;
				CLANG_WARN_OBJC_ROOT_CLASS = YES_ERROR;
				CLANG_WARN_RANGE_LOOP_ANALYSIS = YES;
				CLANG_WARN_STRICT_PROTOTYPES = YES;
				CLANG_WARN_SUSPICIOUS_MOVE = YES;
				CLANG_WARN_UNGUARDED_AVAILABILITY = YES_AGGRESSIVE;
				CLANG_WARN_UNREACHABLE_CODE = YES;
				CLANG_WARN__DUPLICATE_METHOD_MATCH = YES;
				COPY_PHASE_STRIP = NO;
				DEBUG_INFORMATION_FORMAT = dwarf;
				ENABLE_STRICT_OBJC_MSGSEND = YES;
				ENABLE_TESTABILITY = YES;
				GCC_C_LANGUAGE_STANDARD = gnu11;
				GCC_DYNAMIC_NO_PIC = NO;
				GCC_NO_COMMON_BLOCKS = YES;
				GCC_OPTIMIZATION_LEVEL = 0;
				GCC_PREPROCESSOR_DEFINITIONS = (
					"DEBUG=1",
					"$(inherited)",
				);
				GCC_WARN_64_TO_32_BIT_CONVERSION = YES;
				GCC_WARN_ABOUT_RETURN_TYPE = YES_ERROR;
				GCC_WARN_UNDECLARED_SELECTOR = YES;
				GCC_WARN_UNINITIALIZED_AUTOS = YES_AGGRESSIVE;
				GCC_WARN_UNUSED_FUNCTION = YES;
				GCC_WARN_UNUSED_VARIABLE = YES;
				IPHONEOS_DEPLOYMENT_TARGET = 13.2;
				MTL_ENABLE_DEBUG_INFO = INCLUDE_SOURCE;
				MTL_FAST_MATH = YES;
				ONLY_ACTIVE_ARCH = YES;
				SDKROOT = iphoneos;
			};
			name = Debug;
		};
		EFB1C3782422473C00891E90 /* Release */ = {
			isa = XCBuildConfiguration;
			buildSettings = {
				ALWAYS_SEARCH_USER_PATHS = NO;
				CLANG_ANALYZER_NONNULL = YES;
				CLANG_ANALYZER_NUMBER_OBJECT_CONVERSION = YES_AGGRESSIVE;
				CLANG_CXX_LANGUAGE_STANDARD = "gnu++14";
				CLANG_CXX_LIBRARY = "libc++";
				CLANG_ENABLE_MODULES = YES;
				CLANG_ENABLE_OBJC_ARC = YES;
				CLANG_ENABLE_OBJC_WEAK = YES;
				CLANG_WARN_BLOCK_CAPTURE_AUTORELEASING = YES;
				CLANG_WARN_BOOL_CONVERSION = YES;
				CLANG_WARN_COMMA = YES;
				CLANG_WARN_CONSTANT_CONVERSION = YES;
				CLANG_WARN_DEPRECATED_OBJC_IMPLEMENTATIONS = YES;
				CLANG_WARN_DIRECT_OBJC_ISA_USAGE = YES_ERROR;
				CLANG_WARN_DOCUMENTATION_COMMENTS = YES;
				CLANG_WARN_EMPTY_BODY = YES;
				CLANG_WARN_ENUM_CONVERSION = YES;
				CLANG_WARN_INFINITE_RECURSION = YES;
				CLANG_WARN_INT_CONVERSION = YES;
				CLANG_WARN_NON_LITERAL_NULL_CONVERSION = YES;
				CLANG_WARN_OBJC_IMPLICIT_RETAIN_SELF = YES;
				CLANG_WARN_OBJC_LITERAL_CONVERSION = YES;
				CLANG_WARN_OBJC_ROOT_CLASS = YES_ERROR;
				CLANG_WARN_RANGE_LOOP_ANALYSIS = YES;
				CLANG_WARN_STRICT_PROTOTYPES = YES;
				CLANG_WARN_SUSPICIOUS_MOVE = YES;
				CLANG_WARN_UNGUARDED_AVAILABILITY = YES_AGGRESSIVE;
				CLANG_WARN_UNREACHABLE_CODE = YES;
				CLANG_WARN__DUPLICATE_METHOD_MATCH = YES;
				COPY_PHASE_STRIP = NO;
				DEBUG_INFORMATION_FORMAT = "dwarf-with-dsym";
				ENABLE_NS_ASSERTIONS = NO;
				ENABLE_STRICT_OBJC_MSGSEND = YES;
				GCC_C_LANGUAGE_STANDARD = gnu11;
				GCC_NO_COMMON_BLOCKS = YES;
				GCC_WARN_64_TO_32_BIT_CONVERSION = YES;
				GCC_WARN_ABOUT_RETURN_TYPE = YES_ERROR;
				GCC_WARN_UNDECLARED_SELECTOR = YES;
				GCC_WARN_UNINITIALIZED_AUTOS = YES_AGGRESSIVE;
				GCC_WARN_UNUSED_FUNCTION = YES;
				GCC_WARN_UNUSED_VARIABLE = YES;
				IPHONEOS_DEPLOYMENT_TARGET = 13.2;
				MTL_ENABLE_DEBUG_INFO = NO;
				MTL_FAST_MATH = YES;
				SDKROOT = iphoneos;
				VALIDATE_PRODUCT = YES;
			};
			name = Release;
		};
		EFB1C37A2422473C00891E90 /* Debug */ = {
			isa = XCBuildConfiguration;
			buildSettings = {
				ASSETCATALOG_COMPILER_APPICON_NAME = AppIcon;
				CODE_SIGN_STYLE = Automatic;
				INFOPLIST_FILE = "12 Block/Info.plist";
				LD_RUNPATH_SEARCH_PATHS = (
					"$(inherited)",
					"@executable_path/Frameworks",
				);
				PRODUCT_BUNDLE_IDENTIFIER = "com.-2-Block";
				PRODUCT_NAME = "$(TARGET_NAME)";
				TARGETED_DEVICE_FAMILY = "1,2";
			};
			name = Debug;
		};
		EFB1C37B2422473C00891E90 /* Release */ = {
			isa = XCBuildConfiguration;
			buildSettings = {
				ASSETCATALOG_COMPILER_APPICON_NAME = AppIcon;
				CODE_SIGN_STYLE = Automatic;
				INFOPLIST_FILE = "12 Block/Info.plist";
				LD_RUNPATH_SEARCH_PATHS = (
					"$(inherited)",
					"@executable_path/Frameworks",
				);
				PRODUCT_BUNDLE_IDENTIFIER = "com.-2-Block";
				PRODUCT_NAME = "$(TARGET_NAME)";
				TARGETED_DEVICE_FAMILY = "1,2";
			};
			name = Release;
		};
/* End XCBuildConfiguration section */

/* Begin XCConfigurationList section */
		EFB1C35B2422473B00891E90 /* Build configuration list for PBXProject "12 Block" */ = {
			isa = XCConfigurationList;
			buildConfigurations = (
				EFB1C3772422473C00891E90 /* Debug */,
				EFB1C3782422473C00891E90 /* Release */,
			);
			defaultConfigurationIsVisible = 0;
			defaultConfigurationName = Release;
		};
		EFB1C3792422473C00891E90 /* Build configuration list for PBXNativeTarget "12 Block" */ = {
			isa = XCConfigurationList;
			buildConfigurations = (
				EFB1C37A2422473C00891E90 /* Debug */,
				EFB1C37B2422473C00891E90 /* Release */,
			);
			defaultConfigurationIsVisible = 0;
			defaultConfigurationName = Release;
		};
/* End XCConfigurationList section */
	};
	rootObject = EFB1C3582422473B00891E90 /* Project object */;
}
