// !$*UTF8*$!
{
	archiveVersion = 1;
	classes = {
	};
	objectVersion = 50;
	objects = {

/* Begin PBXBuildFile section */
		EFF42320241A4A9F005195A1 /* AppDelegate.m in Sources */ = {isa = PBXBuildFile; fileRef = EFF4231F241A4A9F005195A1 /* AppDelegate.m */; };
		EFF42323241A4A9F005195A1 /* ViewController.m in Sources */ = {isa = PBXBuildFile; fileRef = EFF42322241A4A9F005195A1 /* ViewController.m */; };
		EFF42326241A4A9F005195A1 /* Main.storyboard in Resources */ = {isa = PBXBuildFile; fileRef = EFF42324241A4A9F005195A1 /* Main.storyboard */; };
		EFF42328241A4AA0005195A1 /* Assets.xcassets in Resources */ = {isa = PBXBuildFile; fileRef = EFF42327241A4AA0005195A1 /* Assets.xcassets */; };
		EFF4232B241A4AA0005195A1 /* LaunchScreen.storyboard in Resources */ = {isa = PBXBuildFile; fileRef = EFF42329241A4AA0005195A1 /* LaunchScreen.storyboard */; };
		EFF4232E241A4AA0005195A1 /* main.m in Sources */ = {isa = PBXBuildFile; fileRef = EFF4232D241A4AA0005195A1 /* main.m */; };
		EFF42336241A52AB005195A1 /* Student.m in Sources */ = {isa = PBXBuildFile; fileRef = EFF42335241A52AB005195A1 /* Student.m */; };
/* End PBXBuildFile section */

/* Begin PBXFileReference section */
		EFF4231B241A4A9F005195A1 /* 06 Data types.app */ = {isa = PBXFileReference; explicitFileType = wrapper.application; includeInIndex = 0; path = "06 Data types.app"; sourceTree = BUILT_PRODUCTS_DIR; };
		EFF4231E241A4A9F005195A1 /* AppDelegate.h */ = {isa = PBXFileReference; lastKnownFileType = sourcecode.c.h; path = AppDelegate.h; sourceTree = "<group>"; };
		EFF4231F241A4A9F005195A1 /* AppDelegate.m */ = {isa = PBXFileReference; lastKnownFileType = sourcecode.c.objc; path = AppDelegate.m; sourceTree = "<group>"; };
		EFF42321241A4A9F005195A1 /* ViewController.h */ = {isa = PBXFileReference; lastKnownFileType = sourcecode.c.h; path = ViewController.h; sourceTree = "<group>"; };
		EFF42322241A4A9F005195A1 /* ViewController.m */ = {isa = PBXFileReference; lastKnownFileType = sourcecode.c.objc; path = ViewController.m; sourceTree = "<group>"; };
		EFF42325241A4A9F005195A1 /* Base */ = {isa = PBXFileReference; lastKnownFileType = file.storyboard; name = Base; path = Base.lproj/Main.storyboard; sourceTree = "<group>"; };
		EFF42327241A4AA0005195A1 /* Assets.xcassets */ = {isa = PBXFileReference; lastKnownFileType = folder.assetcatalog; path = Assets.xcassets; sourceTree = "<group>"; };
		EFF4232A241A4AA0005195A1 /* Base */ = {isa = PBXFileReference; lastKnownFileType = file.storyboard; name = Base; path = Base.lproj/LaunchScreen.storyboard; sourceTree = "<group>"; };
		EFF4232C241A4AA0005195A1 /* Info.plist */ = {isa = PBXFileReference; lastKnownFileType = text.plist.xml; path = Info.plist; sourceTree = "<group>"; };
		EFF4232D241A4AA0005195A1 /* main.m */ = {isa = PBXFileReference; lastKnownFileType = sourcecode.c.objc; path = main.m; sourceTree = "<group>"; };
		EFF42334241A5167005195A1 /* Student.h */ = {isa = PBXFileReference; lastKnownFileType = sourcecode.c.h; path = Student.h; sourceTree = "<group>"; };
		EFF42335241A52AB005195A1 /* Student.m */ = {isa = PBXFileReference; lastKnownFileType = sourcecode.c.objc; path = Student.m; sourceTree = "<group>"; };
/* End PBXFileReference section */

/* Begin PBXFrameworksBuildPhase section */
		EFF42318241A4A9F005195A1 /* Frameworks */ = {
			isa = PBXFrameworksBuildPhase;
			buildActionMask = 2147483647;
			files = (
			);
			runOnlyForDeploymentPostprocessing = 0;
		};
/* End PBXFrameworksBuildPhase section */

/* Begin PBXGroup section */
		EFF42312241A4A9F005195A1 = {
			isa = PBXGroup;
			children = (
				EFF4231D241A4A9F005195A1 /* 06 Data types */,
				EFF4231C241A4A9F005195A1 /* Products */,
			);
			sourceTree = "<group>";
		};
		EFF4231C241A4A9F005195A1 /* Products */ = {
			isa = PBXGroup;
			children = (
				EFF4231B241A4A9F005195A1 /* 06 Data types.app */,
			);
			name = Products;
			sourceTree = "<group>";
		};
		EFF4231D241A4A9F005195A1 /* 06 Data types */ = {
			isa = PBXGroup;
			children = (
				EFF42334241A5167005195A1 /* Student.h */,
				EFF42335241A52AB005195A1 /* Student.m */,
				EFF4231E241A4A9F005195A1 /* AppDelegate.h */,
				EFF4231F241A4A9F005195A1 /* AppDelegate.m */,
				EFF42321241A4A9F005195A1 /* ViewController.h */,
				EFF42322241A4A9F005195A1 /* ViewController.m */,
				EFF42324241A4A9F005195A1 /* Main.storyboard */,
				EFF42327241A4AA0005195A1 /* Assets.xcassets */,
				EFF42329241A4AA0005195A1 /* LaunchScreen.storyboard */,
				EFF4232C241A4AA0005195A1 /* Info.plist */,
				EFF4232D241A4AA0005195A1 /* main.m */,
			);
			path = "06 Data types";
			sourceTree = "<group>";
		};
/* End PBXGroup section */

/* Begin PBXNativeTarget section */
		EFF4231A241A4A9F005195A1 /* 06 Data types */ = {
			isa = PBXNativeTarget;
			buildConfigurationList = EFF42331241A4AA1005195A1 /* Build configuration list for PBXNativeTarget "06 Data types" */;
			buildPhases = (
				EFF42317241A4A9F005195A1 /* Sources */,
				EFF42318241A4A9F005195A1 /* Frameworks */,
				EFF42319241A4A9F005195A1 /* Resources */,
			);
			buildRules = (
			);
			dependencies = (
			);
			name = "06 Data types";
			productName = "06 Data types";
			productReference = EFF4231B241A4A9F005195A1 /* 06 Data types.app */;
			productType = "com.apple.product-type.application";
		};
/* End PBXNativeTarget section */

/* Begin PBXProject section */
		EFF42313241A4A9F005195A1 /* Project object */ = {
			isa = PBXProject;
			attributes = {
				LastUpgradeCheck = 1030;
				ORGANIZATIONNAME = user167101;
				TargetAttributes = {
					EFF4231A241A4A9F005195A1 = {
						CreatedOnToolsVersion = 10.3;
					};
				};
			};
			buildConfigurationList = EFF42316241A4A9F005195A1 /* Build configuration list for PBXProject "06 Data types" */;
			compatibilityVersion = "Xcode 9.3";
			developmentRegion = en;
			hasScannedForEncodings = 0;
			knownRegions = (
				en,
				Base,
			);
			mainGroup = EFF42312241A4A9F005195A1;
			productRefGroup = EFF4231C241A4A9F005195A1 /* Products */;
			projectDirPath = "";
			projectRoot = "";
			targets = (
				EFF4231A241A4A9F005195A1 /* 06 Data types */,
			);
		};
/* End PBXProject section */

/* Begin PBXResourcesBuildPhase section */
		EFF42319241A4A9F005195A1 /* Resources */ = {
			isa = PBXResourcesBuildPhase;
			buildActionMask = 2147483647;
			files = (
				EFF4232B241A4AA0005195A1 /* LaunchScreen.storyboard in Resources */,
				EFF42328241A4AA0005195A1 /* Assets.xcassets in Resources */,
				EFF42326241A4A9F005195A1 /* Main.storyboard in Resources */,
			);
			runOnlyForDeploymentPostprocessing = 0;
		};
/* End PBXResourcesBuildPhase section */

/* Begin PBXSourcesBuildPhase section */
		EFF42317241A4A9F005195A1 /* Sources */ = {
			isa = PBXSourcesBuildPhase;
			buildActionMask = 2147483647;
			files = (
				EFF42323241A4A9F005195A1 /* ViewController.m in Sources */,
				EFF4232E241A4AA0005195A1 /* main.m in Sources */,
				EFF42320241A4A9F005195A1 /* AppDelegate.m in Sources */,
				EFF42336241A52AB005195A1 /* Student.m in Sources */,
			);
			runOnlyForDeploymentPostprocessing = 0;
		};
/* End PBXSourcesBuildPhase section */

/* Begin PBXVariantGroup section */
		EFF42324241A4A9F005195A1 /* Main.storyboard */ = {
			isa = PBXVariantGroup;
			children = (
				EFF42325241A4A9F005195A1 /* Base */,
			);
			name = Main.storyboard;
			sourceTree = "<group>";
		};
		EFF42329241A4AA0005195A1 /* LaunchScreen.storyboard */ = {
			isa = PBXVariantGroup;
			children = (
				EFF4232A241A4AA0005195A1 /* Base */,
			);
			name = LaunchScreen.storyboard;
			sourceTree = "<group>";
		};
/* End PBXVariantGroup section */

/* Begin XCBuildConfiguration section */
		EFF4232F241A4AA1005195A1 /* Debug */ = {
			isa = XCBuildConfiguration;
			buildSettings = {
				ALWAYS_SEARCH_USER_PATHS = NO;
				CLANG_ANALYZER_NONNULL = YES;
				CLANG_ANALYZER_NUMBER_OBJECT_CONVERSION = YES_AGGRESSIVE;
				CLANG_CXX_LANGUAGE_STANDARD = "gnu++14";
				CLANG_CXX_LIBRARY = "libc++";
				CLANG_ENABLE_MODULES = YES;
				CLANG_ENABLE_OBJC_ARC = YES;
				CLANG_ENABLE_OBJC_WEAK = YES;
				CLANG_WARN_BLOCK_CAPTURE_AUTORELEASING = YES;
				CLANG_WARN_BOOL_CONVERSION = YES;
				CLANG_WARN_COMMA = YES;
				CLANG_WARN_CONSTANT_CONVERSION = YES;
				CLANG_WARN_DEPRECATED_OBJC_IMPLEMENTATIONS = YES;
				CLANG_WARN_DIRECT_OBJC_ISA_USAGE = YES_ERROR;
				CLANG_WARN_DOCUMENTATION_COMMENTS = YES;
				CLANG_WARN_EMPTY_BODY = YES;
				CLANG_WARN_ENUM_CONVERSION = YES;
				CLANG_WARN_INFINITE_RECURSION = YES;
				CLANG_WARN_INT_CONVERSION = YES;
				CLANG_WARN_NON_LITERAL_NULL_CONVERSION = YES;
				CLANG_WARN_OBJC_IMPLICIT_RETAIN_SELF = YES;
				CLANG_WARN_OBJC_LITERAL_CONVERSION = YES;
				CLANG_WARN_OBJC_ROOT_CLASS = YES_ERROR;
				CLANG_WARN_RANGE_LOOP_ANALYSIS = YES;
				CLANG_WARN_STRICT_PROTOTYPES = YES;
				CLANG_WARN_SUSPICIOUS_MOVE = YES;
				CLANG_WARN_UNGUARDED_AVAILABILITY = YES_AGGRESSIVE;
				CLANG_WARN_UNREACHABLE_CODE = YES;
				CLANG_WARN__DUPLICATE_METHOD_MATCH = YES;
				CODE_SIGN_IDENTITY = "iPhone Developer";
				COPY_PHASE_STRIP = NO;
				DEBUG_INFORMATION_FORMAT = dwarf;
				ENABLE_STRICT_OBJC_MSGSEND = YES;
				ENABLE_TESTABILITY = YES;
				GCC_C_LANGUAGE_STANDARD = gnu11;
				GCC_DYNAMIC_NO_PIC = NO;
				GCC_NO_COMMON_BLOCKS = YES;
				GCC_OPTIMIZATION_LEVEL = 0;
				GCC_PREPROCESSOR_DEFINITIONS = (
					"DEBUG=1",
					"$(inherited)",
				);
				GCC_WARN_64_TO_32_BIT_CONVERSION = YES;
				GCC_WARN_ABOUT_RETURN_TYPE = YES_ERROR;
				GCC_WARN_UNDECLARED_SELECTOR = YES;
				GCC_WARN_UNINITIALIZED_AUTOS = YES_AGGRESSIVE;
				GCC_WARN_UNUSED_FUNCTION = YES;
				GCC_WARN_UNUSED_VARIABLE = YES;
				IPHONEOS_DEPLOYMENT_TARGET = 12.4;
				MTL_ENABLE_DEBUG_INFO = INCLUDE_SOURCE;
				MTL_FAST_MATH = YES;
				ONLY_ACTIVE_ARCH = YES;
				SDKROOT = iphoneos;
			};
			name = Debug;
		};
		EFF42330241A4AA1005195A1 /* Release */ = {
			isa = XCBuildConfiguration;
			buildSettings = {
				ALWAYS_SEARCH_USER_PATHS = NO;
				CLANG_ANALYZER_NONNULL = YES;
				CLANG_ANALYZER_NUMBER_OBJECT_CONVERSION = YES_AGGRESSIVE;
				CLANG_CXX_LANGUAGE_STANDARD = "gnu++14";
				CLANG_CXX_LIBRARY = "libc++";
				CLANG_ENABLE_MODULES = YES;
				CLANG_ENABLE_OBJC_ARC = YES;
				CLANG_ENABLE_OBJC_WEAK = YES;
				CLANG_WARN_BLOCK_CAPTURE_AUTORELEASING = YES;
				CLANG_WARN_BOOL_CONVERSION = YES;
				CLANG_WARN_COMMA = YES;
				CLANG_WARN_CONSTANT_CONVERSION = YES;
				CLANG_WARN_DEPRECATED_OBJC_IMPLEMENTATIONS = YES;
				CLANG_WARN_DIRECT_OBJC_ISA_USAGE = YES_ERROR;
				CLANG_WARN_DOCUMENTATION_COMMENTS = YES;
				CLANG_WARN_EMPTY_BODY = YES;
				CLANG_WARN_ENUM_CONVERSION = YES;
				CLANG_WARN_INFINITE_RECURSION = YES;
				CLANG_WARN_INT_CONVERSION = YES;
				CLANG_WARN_NON_LITERAL_NULL_CONVERSION = YES;
				CLANG_WARN_OBJC_IMPLICIT_RETAIN_SELF = YES;
				CLANG_WARN_OBJC_LITERAL_CONVERSION = YES;
				CLANG_WARN_OBJC_ROOT_CLASS = YES_ERROR;
				CLANG_WARN_RANGE_LOOP_ANALYSIS = YES;
				CLANG_WARN_STRICT_PROTOTYPES = YES;
				CLANG_WARN_SUSPICIOUS_MOVE = YES;
				CLANG_WARN_UNGUARDED_AVAILABILITY = YES_AGGRESSIVE;
				CLANG_WARN_UNREACHABLE_CODE = YES;
				CLANG_WARN__DUPLICATE_METHOD_MATCH = YES;
				CODE_SIGN_IDENTITY = "iPhone Developer";
				COPY_PHASE_STRIP = NO;
				DEBUG_INFORMATION_FORMAT = "dwarf-with-dsym";
				ENABLE_NS_ASSERTIONS = NO;
				ENABLE_STRICT_OBJC_MSGSEND = YES;
				GCC_C_LANGUAGE_STANDARD = gnu11;
				GCC_NO_COMMON_BLOCKS = YES;
				GCC_WARN_64_TO_32_BIT_CONVERSION = YES;
				GCC_WARN_ABOUT_RETURN_TYPE = YES_ERROR;
				GCC_WARN_UNDECLARED_SELECTOR = YES;
				GCC_WARN_UNINITIALIZED_AUTOS = YES_AGGRESSIVE;
				GCC_WARN_UNUSED_FUNCTION = YES;
				GCC_WARN_UNUSED_VARIABLE = YES;
				IPHONEOS_DEPLOYMENT_TARGET = 12.4;
				MTL_ENABLE_DEBUG_INFO = NO;
				MTL_FAST_MATH = YES;
				SDKROOT = iphoneos;
				VALIDATE_PRODUCT = YES;
			};
			name = Release;
		};
		EFF42332241A4AA1005195A1 /* Debug */ = {
			isa = XCBuildConfiguration;
			buildSettings = {
				ASSETCATALOG_COMPILER_APPICON_NAME = AppIcon;
				CODE_SIGN_STYLE = Automatic;
				INFOPLIST_FILE = "06 Data types/Info.plist";
				LD_RUNPATH_SEARCH_PATHS = (
					"$(inherited)",
					"@executable_path/Frameworks",
				);
				PRODUCT_BUNDLE_IDENTIFIER = "com.-6-Data-types";
				PRODUCT_NAME = "$(TARGET_NAME)";
				TARGETED_DEVICE_FAMILY = "1,2";
			};
			name = Debug;
		};
		EFF42333241A4AA1005195A1 /* Release */ = {
			isa = XCBuildConfiguration;
			buildSettings = {
				ASSETCATALOG_COMPILER_APPICON_NAME = AppIcon;
				CODE_SIGN_STYLE = Automatic;
				INFOPLIST_FILE = "06 Data types/Info.plist";
				LD_RUNPATH_SEARCH_PATHS = (
					"$(inherited)",
					"@executable_path/Frameworks",
				);
				PRODUCT_BUNDLE_IDENTIFIER = "com.-6-Data-types";
				PRODUCT_NAME = "$(TARGET_NAME)";
				TARGETED_DEVICE_FAMILY = "1,2";
			};
			name = Release;
		};
/* End XCBuildConfiguration section */

/* Begin XCConfigurationList section */
		EFF42316241A4A9F005195A1 /* Build configuration list for PBXProject "06 Data types" */ = {
			isa = XCConfigurationList;
			buildConfigurations = (
				EFF4232F241A4AA1005195A1 /* Debug */,
				EFF42330241A4AA1005195A1 /* Release */,
			);
			defaultConfigurationIsVisible = 0;
			defaultConfigurationName = Release;
		};
		EFF42331241A4AA1005195A1 /* Build configuration list for PBXNativeTarget "06 Data types" */ = {
			isa = XCConfigurationList;
			buildConfigurations = (
				EFF42332241A4AA1005195A1 /* Debug */,
				EFF42333241A4AA1005195A1 /* Release */,
			);
			defaultConfigurationIsVisible = 0;
			defaultConfigurationName = Release;
		};
/* End XCConfigurationList section */
	};
	rootObject = EFF42313241A4A9F005195A1 /* Project object */;
}
